// !$*UTF8*$!
{
	archiveVersion = 1;
	classes = {
	};
	objectVersion = 70;
	objects = {

/* Begin PBXBuildFile section */
		C10000012B0000000000AA01 /* EditorMode.swift in Sources */ = {isa = PBXBuildFile; fileRef = C10000002B0000000000AA01 /* EditorMode.swift */; };
		C10000032B0000000000AA02 /* StartingCountdownView.swift in Sources */ = {isa = PBXBuildFile; fileRef = C10000022B0000000000AA02 /* StartingCountdownView.swift */; };
		C10000052B0000000000AA03 /* BreakTimerView.swift in Sources */ = {isa = PBXBuildFile; fileRef = C10000042B0000000000AA03 /* BreakTimerView.swift */; };
		C10000072B0000000000AA04 /* WorkoutBottomToolbarView.swift in Sources */ = {isa = PBXBuildFile; fileRef = C10000062B0000000000AA04 /* WorkoutBottomToolbarView.swift */; };
		C10000092B0000000000AA05 /* HomogeneousSetPicker.swift in Sources */ = {isa = PBXBuildFile; fileRef = C10000082B0000000000AA05 /* HomogeneousSetPicker.swift */; };
		C100000B2B0000000000AA06 /* HeterogeneousSetEditor.swift in Sources */ = {isa = PBXBuildFile; fileRef = C100000A2B0000000000AA06 /* HeterogeneousSetEditor.swift */; };
		C100000D2B0000000000AA07 /* Validation.swift in Sources */ = {isa = PBXBuildFile; fileRef = C100000C2B0000000000AA07 /* Validation.swift */; };
		C100000F2B0000000000AA08 /* WorkoutActivityAttributes.swift in Sources */ = {isa = PBXBuildFile; fileRef = C100000E2B0000000000AA08 /* WorkoutActivityAttributes.swift */; };
		C10000102B0000000000AA09 /* WorkoutActivityAttributes.swift in Sources */ = {isa = PBXBuildFile; fileRef = C100000E2B0000000000AA08 /* WorkoutActivityAttributes.swift */; };
		C10000112B0000000000AA0A /* WorkoutHealthManager.swift in Sources */ = {isa = PBXBuildFile; fileRef = C10000102B0000000000AA0B /* WorkoutHealthManager.swift */; };
		C10000132B0000000000AA0D /* PhoneSessionManager.swift in Sources */ = {isa = PBXBuildFile; fileRef = C10000122B0000000000AA0C /* PhoneSessionManager.swift */; };
		C200000B2C0000000000BB0B /* ForgeWatch.app in Embed Watch Content */ = {isa = PBXBuildFile; fileRef = C20000012C0000000000BB01 /* ForgeWatch.app */; settings = {ATTRIBUTES = (RemoveHeadersOnCopy, ); }; };
		D10000022D0000000000DD01 /* SettingsView.swift in Sources */ = {isa = PBXBuildFile; fileRef = D10000012D0000000000DD01 /* SettingsView.swift */; };
		E10000022E0000000000EE01 /* ConfettiView.swift in Sources */ = {isa = PBXBuildFile; fileRef = E10000012E0000000000EE01 /* ConfettiView.swift */; };
		F14E94742A4BD118008155FA /* ExerciseEditorView.swift in Sources */ = {isa = PBXBuildFile; fileRef = F14E94732A4BD118008155FA /* ExerciseEditorView.swift */; };
		F14E94762A4BD288008155FA /* ExerciseViewModel.swift in Sources */ = {isa = PBXBuildFile; fileRef = F14E94752A4BD288008155FA /* ExerciseViewModel.swift */; };
		F15998352A4C170400D9B2FB /* ReorderDeleteView.swift in Sources */ = {isa = PBXBuildFile; fileRef = F15998342A4C170400D9B2FB /* ReorderDeleteView.swift */; };
		F164606C2A64E87200C6CE3D /* HistoryView.swift in Sources */ = {isa = PBXBuildFile; fileRef = F164606B2A64E87200C6CE3D /* HistoryView.swift */; };
		F17247632A4CE4A800937621 /* WorkoutInProgressView.swift in Sources */ = {isa = PBXBuildFile; fileRef = F17247622A4CE4A800937621 /* WorkoutInProgressView.swift */; };
		F17247672A4D156600937621 /* Set.swift in Sources */ = {isa = PBXBuildFile; fileRef = F17247662A4D156600937621 /* Set.swift */; };
		F19EDD7D2A511EFF00B2E974 /* SetView.swift in Sources */ = {isa = PBXBuildFile; fileRef = F19EDD7C2A511EFF00B2E974 /* SetView.swift */; };
		F1D4BC632F8C1424003835CB /* WidgetKit.framework in Frameworks */ = {isa = PBXBuildFile; fileRef = F1D4BC622F8C1424003835CB /* WidgetKit.framework */; };
		F1D4BC652F8C1424003835CB /* SwiftUI.framework in Frameworks */ = {isa = PBXBuildFile; fileRef = F1D4BC642F8C1424003835CB /* SwiftUI.framework */; };
		F1D4BC722F8C1425003835CB /* ForgeWidgetsExtension.appex in Embed Foundation Extensions */ = {isa = PBXBuildFile; fileRef = F1D4BC602F8C1424003835CB /* ForgeWidgetsExtension.appex */; settings = {ATTRIBUTES = (RemoveHeadersOnCopy, ); }; };
		F1E2F2442A52D2470076290D /* AppDelegate.swift in Sources */ = {isa = PBXBuildFile; fileRef = F1E2F2432A52D2470076290D /* AppDelegate.swift */; };
		F1F850692A4920AB0093EE01 /* ForgeApp.swift in Sources */ = {isa = PBXBuildFile; fileRef = F1F850682A4920AB0093EE01 /* ForgeApp.swift */; };
		F1F8506D2A4920AD0093EE01 /* Assets.xcassets in Resources */ = {isa = PBXBuildFile; fileRef = F1F8506C2A4920AD0093EE01 /* Assets.xcassets */; };
		F1F850712A4920AD0093EE01 /* Preview Assets.xcassets in Resources */ = {isa = PBXBuildFile; fileRef = F1F850702A4920AD0093EE01 /* Preview Assets.xcassets */; };
		F1F8507D2A49249C0093EE01 /* CompletedWorkoutsView.swift in Sources */ = {isa = PBXBuildFile; fileRef = F1F8507C2A49249C0093EE01 /* CompletedWorkoutsView.swift */; };
		F1F850812A4925470093EE01 /* Exercise.swift in Sources */ = {isa = PBXBuildFile; fileRef = F1F850802A4925470093EE01 /* Exercise.swift */; };
		F1F850832A4926AF0093EE01 /* WorkoutPlan.swift in Sources */ = {isa = PBXBuildFile; fileRef = F1F850822A4926AF0093EE01 /* WorkoutPlan.swift */; };
		F1F850872A4929390093EE01 /* GlobalSettings.swift in Sources */ = {isa = PBXBuildFile; fileRef = F1F850862A4929390093EE01 /* GlobalSettings.swift */; };
		F1F850892A4929E10093EE01 /* MockData.swift in Sources */ = {isa = PBXBuildFile; fileRef = F1F850882A4929E10093EE01 /* MockData.swift */; };
		F1F8508C2A493BD90093EE01 /* CompletedWorkoutsViewModel.swift in Sources */ = {isa = PBXBuildFile; fileRef = F1F8508B2A493BD90093EE01 /* CompletedWorkoutsViewModel.swift */; };
		F1F8508E2A493C460093EE01 /* CompletedWorkout.swift in Sources */ = {isa = PBXBuildFile; fileRef = F1F8508D2A493C460093EE01 /* CompletedWorkout.swift */; };
		F1F850902A49400C0093EE01 /* Launch Screen.storyboard in Resources */ = {isa = PBXBuildFile; fileRef = F1F8507E2A4924D20093EE01 /* Launch Screen.storyboard */; };
		F1F850922A494DD00093EE01 /* SelectPlanView.swift in Sources */ = {isa = PBXBuildFile; fileRef = F1F850912A494DD00093EE01 /* SelectPlanView.swift */; };
		F1F850942A494DFD0093EE01 /* PlanViewModel.swift in Sources */ = {isa = PBXBuildFile; fileRef = F1F850932A494DFD0093EE01 /* PlanViewModel.swift */; };
		F1F850962A4956CA0093EE01 /* PlanEditorView.swift in Sources */ = {isa = PBXBuildFile; fileRef = F1F850952A4956CA0093EE01 /* PlanEditorView.swift */; };
		F1F8509F2A4958890093EE01 /* BlurView.swift in Sources */ = {isa = PBXBuildFile; fileRef = F1F8509E2A4958890093EE01 /* BlurView.swift */; };
/* End PBXBuildFile section */

/* Begin PBXContainerItemProxy section */
		C200000C2C0000000000BB0C /* PBXContainerItemProxy */ = {
			isa = PBXContainerItemProxy;
			containerPortal = F1F8505D2A4920AB0093EE01 /* Project object */;
			proxyType = 1;
			remoteGlobalIDString = C20000032C0000000000BB03;
			remoteInfo = ForgeWatch;
		};
		F10BA8AD2F8579A300FAE979 /* PBXContainerItemProxy */ = {
			isa = PBXContainerItemProxy;
			containerPortal = F1F8505D2A4920AB0093EE01 /* Project object */;
			proxyType = 1;
			remoteGlobalIDString = F1F850642A4920AB0093EE01;
			remoteInfo = Forge;
		};
		F1D4BC702F8C1425003835CB /* PBXContainerItemProxy */ = {
			isa = PBXContainerItemProxy;
			containerPortal = F1F8505D2A4920AB0093EE01 /* Project object */;
			proxyType = 1;
			remoteGlobalIDString = F1D4BC5F2F8C1424003835CB;
			remoteInfo = ForgeWidgetsExtension;
		};
/* End PBXContainerItemProxy section */

/* Begin PBXCopyFilesBuildPhase section */
		C200000A2C0000000000BB0A /* Embed Watch Content */ = {
			isa = PBXCopyFilesBuildPhase;
			buildActionMask = 2147483647;
			dstPath = "$(CONTENTS_FOLDER_PATH)/Watch";
			dstSubfolderSpec = 16;
			files = (
				C200000B2C0000000000BB0B /* ForgeWatch.app in Embed Watch Content */,
			);
			name = "Embed Watch Content";
			runOnlyForDeploymentPostprocessing = 0;
		};
		F1D4BC732F8C1425003835CB /* Embed Foundation Extensions */ = {
			isa = PBXCopyFilesBuildPhase;
			buildActionMask = 2147483647;
			dstPath = "";
			dstSubfolderSpec = 13;
			files = (
				F1D4BC722F8C1425003835CB /* ForgeWidgetsExtension.appex in Embed Foundation Extensions */,
			);
			name = "Embed Foundation Extensions";
			runOnlyForDeploymentPostprocessing = 0;
		};
/* End PBXCopyFilesBuildPhase section */

/* Begin PBXFileReference section */
		C10000002B0000000000AA01 /* EditorMode.swift */ = {isa = PBXFileReference; lastKnownFileType = sourcecode.swift; path = EditorMode.swift; sourceTree = "<group>"; };
		C10000022B0000000000AA02 /* StartingCountdownView.swift */ = {isa = PBXFileReference; lastKnownFileType = sourcecode.swift; path = StartingCountdownView.swift; sourceTree = "<group>"; };
		C10000042B0000000000AA03 /* BreakTimerView.swift */ = {isa = PBXFileReference; lastKnownFileType = sourcecode.swift; path = BreakTimerView.swift; sourceTree = "<group>"; };
		C10000062B0000000000AA04 /* WorkoutBottomToolbarView.swift */ = {isa = PBXFileReference; lastKnownFileType = sourcecode.swift; path = WorkoutBottomToolbarView.swift; sourceTree = "<group>"; };
		C10000082B0000000000AA05 /* HomogeneousSetPicker.swift */ = {isa = PBXFileReference; lastKnownFileType = sourcecode.swift; path = HomogeneousSetPicker.swift; sourceTree = "<group>"; };
		C100000A2B0000000000AA06 /* HeterogeneousSetEditor.swift */ = {isa = PBXFileReference; lastKnownFileType = sourcecode.swift; path = HeterogeneousSetEditor.swift; sourceTree = "<group>"; };
		C100000C2B0000000000AA07 /* Validation.swift */ = {isa = PBXFileReference; lastKnownFileType = sourcecode.swift; path = Validation.swift; sourceTree = "<group>"; };
		C100000E2B0000000000AA08 /* WorkoutActivityAttributes.swift */ = {isa = PBXFileReference; lastKnownFileType = sourcecode.swift; path = WorkoutActivityAttributes.swift; sourceTree = "<group>"; };
		C10000102B0000000000AA0B /* WorkoutHealthManager.swift */ = {isa = PBXFileReference; lastKnownFileType = sourcecode.swift; path = WorkoutHealthManager.swift; sourceTree = "<group>"; };
		C10000122B0000000000AA0C /* PhoneSessionManager.swift */ = {isa = PBXFileReference; lastKnownFileType = sourcecode.swift; path = PhoneSessionManager.swift; sourceTree = "<group>"; };
		C20000012C0000000000BB01 /* ForgeWatch.app */ = {isa = PBXFileReference; explicitFileType = wrapper.application; includeInIndex = 0; path = ForgeWatch.app; sourceTree = BUILT_PRODUCTS_DIR; };
		D10000012D0000000000DD01 /* SettingsView.swift */ = {isa = PBXFileReference; lastKnownFileType = sourcecode.swift; path = SettingsView.swift; sourceTree = "<group>"; };
		E10000012E0000000000EE01 /* ConfettiView.swift */ = {isa = PBXFileReference; lastKnownFileType = sourcecode.swift; path = ConfettiView.swift; sourceTree = "<group>"; };
		F10BA8A92F8579A200FAE979 /* ForgeTests.xctest */ = {isa = PBXFileReference; explicitFileType = wrapper.cfbundle; includeInIndex = 0; path = ForgeTests.xctest; sourceTree = BUILT_PRODUCTS_DIR; };
		F14E94732A4BD118008155FA /* ExerciseEditorView.swift */ = {isa = PBXFileReference; lastKnownFileType = sourcecode.swift; path = ExerciseEditorView.swift; sourceTree = "<group>"; };
		F14E94752A4BD288008155FA /* ExerciseViewModel.swift */ = {isa = PBXFileReference; lastKnownFileType = sourcecode.swift; path = ExerciseViewModel.swift; sourceTree = "<group>"; };
		F14E94772A4BEC29008155FA /* testingViews.playground */ = {isa = PBXFileReference; lastKnownFileType = file.playground; path = testingViews.playground; sourceTree = "<group>"; xcLanguageSpecificationIdentifier = xcode.lang.swift; };
		F15998342A4C170400D9B2FB /* ReorderDeleteView.swift */ = {isa = PBXFileReference; lastKnownFileType = sourcecode.swift; path = ReorderDeleteView.swift; sourceTree = "<group>"; };
		F164606B2A64E87200C6CE3D /* HistoryView.swift */ = {isa = PBXFileReference; lastKnownFileType = sourcecode.swift; path = HistoryView.swift; sourceTree = "<group>"; };
		F17247622A4CE4A800937621 /* WorkoutInProgressView.swift */ = {isa = PBXFileReference; lastKnownFileType = sourcecode.swift; path = WorkoutInProgressView.swift; sourceTree = "<group>"; };
		F17247662A4D156600937621 /* Set.swift */ = {isa = PBXFileReference; lastKnownFileType = sourcecode.swift; path = Set.swift; sourceTree = "<group>"; };
		F19EDD7C2A511EFF00B2E974 /* SetView.swift */ = {isa = PBXFileReference; lastKnownFileType = sourcecode.swift; path = SetView.swift; sourceTree = "<group>"; };
		F1D4BC602F8C1424003835CB /* ForgeWidgetsExtension.appex */ = {isa = PBXFileReference; explicitFileType = "wrapper.app-extension"; includeInIndex = 0; path = ForgeWidgetsExtension.appex; sourceTree = BUILT_PRODUCTS_DIR; };
		F1D4BC622F8C1424003835CB /* WidgetKit.framework */ = {isa = PBXFileReference; lastKnownFileType = wrapper.framework; name = WidgetKit.framework; path = System/Library/Frameworks/WidgetKit.framework; sourceTree = SDKROOT; };
		F1D4BC642F8C1424003835CB /* SwiftUI.framework */ = {isa = PBXFileReference; lastKnownFileType = wrapper.framework; name = SwiftUI.framework; path = System/Library/Frameworks/SwiftUI.framework; sourceTree = SDKROOT; };
		F1E2F2432A52D2470076290D /* AppDelegate.swift */ = {isa = PBXFileReference; lastKnownFileType = sourcecode.swift; name = AppDelegate.swift; path = "Forge/View Model/AppDelegate.swift"; sourceTree = "<group>"; };
		F1F850652A4920AB0093EE01 /* Forge.app */ = {isa = PBXFileReference; explicitFileType = wrapper.application; includeInIndex = 0; path = Forge.app; sourceTree = BUILT_PRODUCTS_DIR; };
		F1F850682A4920AB0093EE01 /* ForgeApp.swift */ = {isa = PBXFileReference; lastKnownFileType = sourcecode.swift; path = ForgeApp.swift; sourceTree = "<group>"; };
		F1F8506C2A4920AD0093EE01 /* Assets.xcassets */ = {isa = PBXFileReference; lastKnownFileType = folder.assetcatalog; path = Assets.xcassets; sourceTree = "<group>"; };
		F1F8506E2A4920AD0093EE01 /* Forge.entitlements */ = {isa = PBXFileReference; lastKnownFileType = text.plist.entitlements; path = Forge.entitlements; sourceTree = "<group>"; };
		F1F850702A4920AD0093EE01 /* Preview Assets.xcassets */ = {isa = PBXFileReference; lastKnownFileType = folder.assetcatalog; path = "Preview Assets.xcassets"; sourceTree = "<group>"; };
		F1F8507C2A49249C0093EE01 /* CompletedWorkoutsView.swift */ = {isa = PBXFileReference; lastKnownFileType = sourcecode.swift; path = CompletedWorkoutsView.swift; sourceTree = "<group>"; };
		F1F8507E2A4924D20093EE01 /* Launch Screen.storyboard */ = {isa = PBXFileReference; lastKnownFileType = file.storyboard; path = "Launch Screen.storyboard"; sourceTree = "<group>"; };
		F1F850802A4925470093EE01 /* Exercise.swift */ = {isa = PBXFileReference; lastKnownFileType = sourcecode.swift; path = Exercise.swift; sourceTree = "<group>"; };
		F1F850822A4926AF0093EE01 /* WorkoutPlan.swift */ = {isa = PBXFileReference; lastKnownFileType = sourcecode.swift; path = WorkoutPlan.swift; sourceTree = "<group>"; };
		F1F850862A4929390093EE01 /* GlobalSettings.swift */ = {isa = PBXFileReference; lastKnownFileType = sourcecode.swift; path = GlobalSettings.swift; sourceTree = "<group>"; };
		F1F850882A4929E10093EE01 /* MockData.swift */ = {isa = PBXFileReference; lastKnownFileType = sourcecode.swift; path = MockData.swift; sourceTree = "<group>"; };
		F1F8508A2A4936250093EE01 /* TestingDataModel.playground */ = {isa = PBXFileReference; lastKnownFileType = file.playground; name = TestingDataModel.playground; path = Forge/Testing/TestingDataModel.playground; sourceTree = SOURCE_ROOT; xcLanguageSpecificationIdentifier = xcode.lang.swift; };
		F1F8508B2A493BD90093EE01 /* CompletedWorkoutsViewModel.swift */ = {isa = PBXFileReference; lastKnownFileType = sourcecode.swift; path = CompletedWorkoutsViewModel.swift; sourceTree = "<group>"; };
		F1F8508D2A493C460093EE01 /* CompletedWorkout.swift */ = {isa = PBXFileReference; lastKnownFileType = sourcecode.swift; path = CompletedWorkout.swift; sourceTree = "<group>"; };
		F1F8508F2A493E460093EE01 /* TestingViewModel.playground */ = {isa = PBXFileReference; lastKnownFileType = file.playground; path = TestingViewModel.playground; sourceTree = "<group>"; xcLanguageSpecificationIdentifier = xcode.lang.swift; };
		F1F850912A494DD00093EE01 /* SelectPlanView.swift */ = {isa = PBXFileReference; lastKnownFileType = sourcecode.swift; path = SelectPlanView.swift; sourceTree = "<group>"; };
		F1F850932A494DFD0093EE01 /* PlanViewModel.swift */ = {isa = PBXFileReference; lastKnownFileType = sourcecode.swift; path = PlanViewModel.swift; sourceTree = "<group>"; };
		F1F850952A4956CA0093EE01 /* PlanEditorView.swift */ = {isa = PBXFileReference; lastKnownFileType = sourcecode.swift; path = PlanEditorView.swift; sourceTree = "<group>"; };
		F1F8509E2A4958890093EE01 /* BlurView.swift */ = {isa = PBXFileReference; lastKnownFileType = sourcecode.swift; path = BlurView.swift; sourceTree = "<group>"; };
/* End PBXFileReference section */

/* Begin PBXFileSystemSynchronizedBuildFileExceptionSet section */
		F1D4BC762F8C1425003835CB /* PBXFileSystemSynchronizedBuildFileExceptionSet */ = {
			isa = PBXFileSystemSynchronizedBuildFileExceptionSet;
			membershipExceptions = (
				Info.plist,
			);
			target = F1D4BC5F2F8C1424003835CB /* ForgeWidgetsExtension */;
		};
/* End PBXFileSystemSynchronizedBuildFileExceptionSet section */

/* Begin PBXFileSystemSynchronizedRootGroup section */
		C20000022C0000000000BB02 /* ForgeWatch */ = {isa = PBXFileSystemSynchronizedRootGroup; explicitFileTypes = {}; explicitFolders = (); path = ForgeWatch; sourceTree = "<group>"; };
		F10BA8AA2F8579A300FAE979 /* ForgeTests */ = {isa = PBXFileSystemSynchronizedRootGroup; explicitFileTypes = {}; explicitFolders = (); path = ForgeTests; sourceTree = "<group>"; };
		F1D4BC662F8C1424003835CB /* ForgeWidgets */ = {isa = PBXFileSystemSynchronizedRootGroup; exceptions = (F1D4BC762F8C1425003835CB /* PBXFileSystemSynchronizedBuildFileExceptionSet */, ); explicitFileTypes = {}; explicitFolders = (); path = ForgeWidgets; sourceTree = "<group>"; };
/* End PBXFileSystemSynchronizedRootGroup section */

/* Begin PBXFrameworksBuildPhase section */
		C20000052C0000000000BB05 /* Frameworks */ = {
			isa = PBXFrameworksBuildPhase;
			buildActionMask = 2147483647;
			files = (
			);
			runOnlyForDeploymentPostprocessing = 0;
		};
		F10BA8A62F8579A200FAE979 /* Frameworks */ = {
			isa = PBXFrameworksBuildPhase;
			buildActionMask = 2147483647;
			files = (
			);
			runOnlyForDeploymentPostprocessing = 0;
		};
		F1D4BC5D2F8C1424003835CB /* Frameworks */ = {
			isa = PBXFrameworksBuildPhase;
			buildActionMask = 2147483647;
			files = (
				F1D4BC652F8C1424003835CB /* SwiftUI.framework in Frameworks */,
				F1D4BC632F8C1424003835CB /* WidgetKit.framework in Frameworks */,
			);
			runOnlyForDeploymentPostprocessing = 0;
		};
		F1F850622A4920AB0093EE01 /* Frameworks */ = {
			isa = PBXFrameworksBuildPhase;
			buildActionMask = 2147483647;
			files = (
			);
			runOnlyForDeploymentPostprocessing = 0;
		};
/* End PBXFrameworksBuildPhase section */

/* Begin PBXGroup section */
		F1D4BC612F8C1424003835CB /* Frameworks */ = {
			isa = PBXGroup;
			children = (
				F1D4BC622F8C1424003835CB /* WidgetKit.framework */,
				F1D4BC642F8C1424003835CB /* SwiftUI.framework */,
			);
			name = Frameworks;
			sourceTree = "<group>";
		};
		F1F8505C2A4920AB0093EE01 = {
			isa = PBXGroup;
			children = (
				F1F8507E2A4924D20093EE01 /* Launch Screen.storyboard */,
				F1F850682A4920AB0093EE01 /* ForgeApp.swift */,
				F1E2F2432A52D2470076290D /* AppDelegate.swift */,
				F1F850672A4920AB0093EE01 /* Forge */,
				F10BA8AA2F8579A300FAE979 /* ForgeTests */,
				F1D4BC662F8C1424003835CB /* ForgeWidgets */,
				C20000022C0000000000BB02 /* ForgeWatch */,
				F1D4BC612F8C1424003835CB /* Frameworks */,
				F1F850662A4920AB0093EE01 /* Products */,
			);
			sourceTree = "<group>";
		};
		F1F850662A4920AB0093EE01 /* Products */ = {
			isa = PBXGroup;
			children = (
				F1F850652A4920AB0093EE01 /* Forge.app */,
				F10BA8A92F8579A200FAE979 /* ForgeTests.xctest */,
				F1D4BC602F8C1424003835CB /* ForgeWidgetsExtension.appex */,
				C20000012C0000000000BB01 /* ForgeWatch.app */,
			);
			name = Products;
			sourceTree = "<group>";
		};
		F1F850672A4920AB0093EE01 /* Forge */ = {
			isa = PBXGroup;
			children = (
				F1F8507B2A4924900093EE01 /* Data Model */,
				F1F8507A2A4924880093EE01 /* View Model */,
				F1F850792A4924810093EE01 /* Views */,
				F1F850972A4958270093EE01 /* UI Support */,
				F1F8506C2A4920AD0093EE01 /* Assets.xcassets */,
				F1F8506E2A4920AD0093EE01 /* Forge.entitlements */,
				F1F8506F2A4920AD0093EE01 /* Preview Content */,
			);
			path = Forge;
			sourceTree = "<group>";
		};
		F1F8506F2A4920AD0093EE01 /* Preview Content */ = {
			isa = PBXGroup;
			children = (
				F1F850702A4920AD0093EE01 /* Preview Assets.xcassets */,
			);
			path = "Preview Content";
			sourceTree = "<group>";
		};
		F1F850792A4924810093EE01 /* Views */ = {
			isa = PBXGroup;
			children = (
				F1F8507C2A49249C0093EE01 /* CompletedWorkoutsView.swift */,
				F1F850912A494DD00093EE01 /* SelectPlanView.swift */,
				F1F850952A4956CA0093EE01 /* PlanEditorView.swift */,
				F14E94732A4BD118008155FA /* ExerciseEditorView.swift */,
				F19EDD7C2A511EFF00B2E974 /* SetView.swift */,
				F17247622A4CE4A800937621 /* WorkoutInProgressView.swift */,
				F15998342A4C170400D9B2FB /* ReorderDeleteView.swift */,
				F164606B2A64E87200C6CE3D /* HistoryView.swift */,
				C10000022B0000000000AA02 /* StartingCountdownView.swift */,
				C10000042B0000000000AA03 /* BreakTimerView.swift */,
				C10000062B0000000000AA04 /* WorkoutBottomToolbarView.swift */,
				C10000082B0000000000AA05 /* HomogeneousSetPicker.swift */,
				C100000A2B0000000000AA06 /* HeterogeneousSetEditor.swift */,
				D10000012D0000000000DD01 /* SettingsView.swift */,
				E10000012E0000000000EE01 /* ConfettiView.swift */,
				F14E94772A4BEC29008155FA /* testingViews.playground */,
			);
			path = Views;
			sourceTree = "<group>";
		};
		F1F8507A2A4924880093EE01 /* View Model */ = {
			isa = PBXGroup;
			children = (
				F1F850882A4929E10093EE01 /* MockData.swift */,
				F1F850862A4929390093EE01 /* GlobalSettings.swift */,
				F1F850932A494DFD0093EE01 /* PlanViewModel.swift */,
				F14E94752A4BD288008155FA /* ExerciseViewModel.swift */,
				F1F8508B2A493BD90093EE01 /* CompletedWorkoutsViewModel.swift */,
				C100000C2B0000000000AA07 /* Validation.swift */,
				C10000102B0000000000AA0B /* WorkoutHealthManager.swift */,
				C10000122B0000000000AA0C /* PhoneSessionManager.swift */,
				F1F8508F2A493E460093EE01 /* TestingViewModel.playground */,
			);
			path = "View Model";
			sourceTree = "<group>";
		};
		F1F8507B2A4924900093EE01 /* Data Model */ = {
			isa = PBXGroup;
			children = (
				F17247662A4D156600937621 /* Set.swift */,
				F1F850802A4925470093EE01 /* Exercise.swift */,
				F1F850822A4926AF0093EE01 /* WorkoutPlan.swift */,
				F1F8508D2A493C460093EE01 /* CompletedWorkout.swift */,
				C10000002B0000000000AA01 /* EditorMode.swift */,
				C100000E2B0000000000AA08 /* WorkoutActivityAttributes.swift */,
				F1F8508A2A4936250093EE01 /* TestingDataModel.playground */,
			);
			path = "Data Model";
			sourceTree = "<group>";
		};
		F1F850972A4958270093EE01 /* UI Support */ = {
			isa = PBXGroup;
			children = (
				F1F8509E2A4958890093EE01 /* BlurView.swift */,
			);
			path = "UI Support";
			sourceTree = "<group>";
		};
/* End PBXGroup section */

/* Begin PBXNativeTarget section */
		C20000032C0000000000BB03 /* ForgeWatch */ = {
			isa = PBXNativeTarget;
			buildConfigurationList = C20000092C0000000000BB09 /* Build configuration list for PBXNativeTarget "ForgeWatch" */;
			buildPhases = (
				C20000042C0000000000BB04 /* Sources */,
				C20000052C0000000000BB05 /* Frameworks */,
				C20000062C0000000000BB06 /* Resources */,
			);
			buildRules = (
			);
			dependencies = (
			);
			fileSystemSynchronizedGroups = (
				C20000022C0000000000BB02 /* ForgeWatch */,
			);
			name = ForgeWatch;
			packageProductDependencies = (
			);
			productName = ForgeWatch;
			productReference = C20000012C0000000000BB01 /* ForgeWatch.app */;
			productType = "com.apple.product-type.application";
		};
		F10BA8A82F8579A200FAE979 /* ForgeTests */ = {
			isa = PBXNativeTarget;
			buildConfigurationList = F10BA8B12F8579A300FAE979 /* Build configuration list for PBXNativeTarget "ForgeTests" */;
			buildPhases = (
				F10BA8A52F8579A200FAE979 /* Sources */,
				F10BA8A62F8579A200FAE979 /* Frameworks */,
				F10BA8A72F8579A200FAE979 /* Resources */,
			);
			buildRules = (
			);
			dependencies = (
				F10BA8AE2F8579A300FAE979 /* PBXTargetDependency */,
			);
			fileSystemSynchronizedGroups = (
				F10BA8AA2F8579A300FAE979 /* ForgeTests */,
			);
			name = ForgeTests;
			packageProductDependencies = (
			);
			productName = ForgeTests;
			productReference = F10BA8A92F8579A200FAE979 /* ForgeTests.xctest */;
			productType = "com.apple.product-type.bundle.unit-test";
		};
		F1D4BC5F2F8C1424003835CB /* ForgeWidgetsExtension */ = {
			isa = PBXNativeTarget;
			buildConfigurationList = F1D4BC772F8C1425003835CB /* Build configuration list for PBXNativeTarget "ForgeWidgetsExtension" */;
			buildPhases = (
				F1D4BC5C2F8C1424003835CB /* Sources */,
				F1D4BC5D2F8C1424003835CB /* Frameworks */,
				F1D4BC5E2F8C1424003835CB /* Resources */,
			);
			buildRules = (
			);
			dependencies = (
			);
			fileSystemSynchronizedGroups = (
				F1D4BC662F8C1424003835CB /* ForgeWidgets */,
			);
			name = ForgeWidgetsExtension;
			packageProductDependencies = (
			);
			productName = ForgeWidgetsExtension;
			productReference = F1D4BC602F8C1424003835CB /* ForgeWidgetsExtension.appex */;
			productType = "com.apple.product-type.app-extension";
		};
		F1F850642A4920AB0093EE01 /* Forge */ = {
			isa = PBXNativeTarget;
			buildConfigurationList = F1F850742A4920AD0093EE01 /* Build configuration list for PBXNativeTarget "Forge" */;
			buildPhases = (
				F1F850612A4920AB0093EE01 /* Sources */,
				F1F850622A4920AB0093EE01 /* Frameworks */,
				F1F850632A4920AB0093EE01 /* Resources */,
				F1D4BC732F8C1425003835CB /* Embed Foundation Extensions */,
				C200000A2C0000000000BB0A /* Embed Watch Content */,
			);
			buildRules = (
			);
			dependencies = (
				F1D4BC712F8C1425003835CB /* PBXTargetDependency */,
				C200000D2C0000000000BB0D /* PBXTargetDependency */,
			);
			name = Forge;
			productName = Forge;
			productReference = F1F850652A4920AB0093EE01 /* Forge.app */;
			productType = "com.apple.product-type.application";
		};
/* End PBXNativeTarget section */

/* Begin PBXProject section */
		F1F8505D2A4920AB0093EE01 /* Project object */ = {
			isa = PBXProject;
			attributes = {
				BuildIndependentTargetsInParallel = 1;
				LastSwiftUpdateCheck = 2640;
				LastUpgradeCheck = 1430;
				TargetAttributes = {
					C20000032C0000000000BB03 = {
						CreatedOnToolsVersion = 26.4;
					};
					F10BA8A82F8579A200FAE979 = {
						CreatedOnToolsVersion = 26.4;
						TestTargetID = F1F850642A4920AB0093EE01;
					};
					F1D4BC5F2F8C1424003835CB = {
						CreatedOnToolsVersion = 26.4;
					};
					F1F850642A4920AB0093EE01 = {
						CreatedOnToolsVersion = 14.3;
					};
				};
			};
			buildConfigurationList = F1F850602A4920AB0093EE01 /* Build configuration list for PBXProject "Forge" */;
			compatibilityVersion = "Xcode 14.0";
			developmentRegion = en;
			hasScannedForEncodings = 0;
			knownRegions = (
				en,
				Base,
			);
			mainGroup = F1F8505C2A4920AB0093EE01;
			productRefGroup = F1F850662A4920AB0093EE01 /* Products */;
			projectDirPath = "";
			projectRoot = "";
			targets = (
				F1F850642A4920AB0093EE01 /* Forge */,
				F10BA8A82F8579A200FAE979 /* ForgeTests */,
				F1D4BC5F2F8C1424003835CB /* ForgeWidgetsExtension */,
				C20000032C0000000000BB03 /* ForgeWatch */,
			);
		};
/* End PBXProject section */

/* Begin PBXResourcesBuildPhase section */
		C20000062C0000000000BB06 /* Resources */ = {
			isa = PBXResourcesBuildPhase;
			buildActionMask = 2147483647;
			files = (
			);
			runOnlyForDeploymentPostprocessing = 0;
		};
		F10BA8A72F8579A200FAE979 /* Resources */ = {
			isa = PBXResourcesBuildPhase;
			buildActionMask = 2147483647;
			files = (
			);
			runOnlyForDeploymentPostprocessing = 0;
		};
		F1D4BC5E2F8C1424003835CB /* Resources */ = {
			isa = PBXResourcesBuildPhase;
			buildActionMask = 2147483647;
			files = (
			);
			runOnlyForDeploymentPostprocessing = 0;
		};
		F1F850632A4920AB0093EE01 /* Resources */ = {
			isa = PBXResourcesBuildPhase;
			buildActionMask = 2147483647;
			files = (
				F1F850902A49400C0093EE01 /* Launch Screen.storyboard in Resources */,
				F1F850712A4920AD0093EE01 /* Preview Assets.xcassets in Resources */,
				F1F8506D2A4920AD0093EE01 /* Assets.xcassets in Resources */,
			);
			runOnlyForDeploymentPostprocessing = 0;
		};
/* End PBXResourcesBuildPhase section */

/* Begin PBXSourcesBuildPhase section */
		C20000042C0000000000BB04 /* Sources */ = {
			isa = PBXSourcesBuildPhase;
			buildActionMask = 2147483647;
			files = (
			);
			runOnlyForDeploymentPostprocessing = 0;
		};
		F10BA8A52F8579A200FAE979 /* Sources */ = {
			isa = PBXSourcesBuildPhase;
			buildActionMask = 2147483647;
			files = (
			);
			runOnlyForDeploymentPostprocessing = 0;
		};
		F1D4BC5C2F8C1424003835CB /* Sources */ = {
			isa = PBXSourcesBuildPhase;
			buildActionMask = 2147483647;
			files = (
				C10000102B0000000000AA09 /* WorkoutActivityAttributes.swift in Sources */,
			);
			runOnlyForDeploymentPostprocessing = 0;
		};
		F1F850612A4920AB0093EE01 /* Sources */ = {
			isa = PBXSourcesBuildPhase;
			buildActionMask = 2147483647;
			files = (
				C10000012B0000000000AA01 /* EditorMode.swift in Sources */,
				C100000D2B0000000000AA07 /* Validation.swift in Sources */,
				C100000F2B0000000000AA08 /* WorkoutActivityAttributes.swift in Sources */,
				C10000032B0000000000AA02 /* StartingCountdownView.swift in Sources */,
				C10000052B0000000000AA03 /* BreakTimerView.swift in Sources */,
				C10000072B0000000000AA04 /* WorkoutBottomToolbarView.swift in Sources */,
				C10000092B0000000000AA05 /* HomogeneousSetPicker.swift in Sources */,
				C100000B2B0000000000AA06 /* HeterogeneousSetEditor.swift in Sources */,
				F1F850962A4956CA0093EE01 /* PlanEditorView.swift in Sources */,
				F1F8509F2A4958890093EE01 /* BlurView.swift in Sources */,
				F1F8507D2A49249C0093EE01 /* CompletedWorkoutsView.swift in Sources */,
				F1F8508E2A493C460093EE01 /* CompletedWorkout.swift in Sources */,
				F1F850692A4920AB0093EE01 /* ForgeApp.swift in Sources */,
				F1F850832A4926AF0093EE01 /* WorkoutPlan.swift in Sources */,
				F14E94762A4BD288008155FA /* ExerciseViewModel.swift in Sources */,
				F14E94742A4BD118008155FA /* ExerciseEditorView.swift in Sources */,
				F17247672A4D156600937621 /* Set.swift in Sources */,
				F15998352A4C170400D9B2FB /* ReorderDeleteView.swift in Sources */,
				F1F850922A494DD00093EE01 /* SelectPlanView.swift in Sources */,
				F1F850812A4925470093EE01 /* Exercise.swift in Sources */,
				F1F8508C2A493BD90093EE01 /* CompletedWorkoutsViewModel.swift in Sources */,
				F19EDD7D2A511EFF00B2E974 /* SetView.swift in Sources */,
				F1F850892A4929E10093EE01 /* MockData.swift in Sources */,
				F17247632A4CE4A800937621 /* WorkoutInProgressView.swift in Sources */,
				F1F850872A4929390093EE01 /* GlobalSettings.swift in Sources */,
				C10000112B0000000000AA0A /* WorkoutHealthManager.swift in Sources */,
				C10000132B0000000000AA0D /* PhoneSessionManager.swift in Sources */,
				F164606C2A64E87200C6CE3D /* HistoryView.swift in Sources */,
				F1E2F2442A52D2470076290D /* AppDelegate.swift in Sources */,
				F1F850942A494DFD0093EE01 /* PlanViewModel.swift in Sources */,
				D10000022D0000000000DD01 /* SettingsView.swift in Sources */,
				E10000022E0000000000EE01 /* ConfettiView.swift in Sources */,
			);
			runOnlyForDeploymentPostprocessing = 0;
		};
/* End PBXSourcesBuildPhase section */

/* Begin PBXTargetDependency section */
		C200000D2C0000000000BB0D /* PBXTargetDependency */ = {
			isa = PBXTargetDependency;
			target = C20000032C0000000000BB03 /* ForgeWatch */;
			targetProxy = C200000C2C0000000000BB0C /* PBXContainerItemProxy */;
		};
		F10BA8AE2F8579A300FAE979 /* PBXTargetDependency */ = {
			isa = PBXTargetDependency;
			target = F1F850642A4920AB0093EE01 /* Forge */;
			targetProxy = F10BA8AD2F8579A300FAE979 /* PBXContainerItemProxy */;
		};
		F1D4BC712F8C1425003835CB /* PBXTargetDependency */ = {
			isa = PBXTargetDependency;
			target = F1D4BC5F2F8C1424003835CB /* ForgeWidgetsExtension */;
			targetProxy = F1D4BC702F8C1425003835CB /* PBXContainerItemProxy */;
		};
/* End PBXTargetDependency section */

/* Begin XCBuildConfiguration section */
		C20000072C0000000000BB07 /* Debug */ = {
			isa = XCBuildConfiguration;
			buildSettings = {
				ASSETCATALOG_COMPILER_APPICON_NAME = AppIcon;
				ASSETCATALOG_COMPILER_GENERATE_SWIFT_ASSET_SYMBOL_EXTENSIONS = YES;
				ASSETCATALOG_COMPILER_GLOBAL_ACCENT_COLOR_NAME = AccentColor;
				CODE_SIGN_ENTITLEMENTS = ForgeWatch/ForgeWatch.entitlements;
				CODE_SIGN_STYLE = Automatic;
				CURRENT_PROJECT_VERSION = 1;
				DEVELOPMENT_TEAM = 8CFYV5CWDL;
				ENABLE_PREVIEWS = YES;
				ENABLE_USER_SCRIPT_SANDBOXING = YES;
				GCC_C_LANGUAGE_STANDARD = gnu17;
				GENERATE_INFOPLIST_FILE = YES;
				INFOPLIST_KEY_CFBundleDisplayName = Forge;
				INFOPLIST_KEY_NSHealthShareUsageDescription = "Forge reads heart rate and active energy during workouts.";
				INFOPLIST_KEY_NSHealthUpdateUsageDescription = "Forge saves your completed workouts to Apple Health.";
				INFOPLIST_KEY_UISupportedInterfaceOrientations = "UIInterfaceOrientationPortrait UIInterfaceOrientationPortraitUpsideDown";
				INFOPLIST_KEY_WKBackgroundModes = workout-processing;
				INFOPLIST_KEY_WKCompanionAppBundleIdentifier = "Ryan-Div.Forge";
				LD_RUNPATH_SEARCH_PATHS = (
					"$(inherited)",
					"@executable_path/Frameworks",
				);
				LOCALIZATION_PREFERS_STRING_CATALOGS = YES;
				MARKETING_VERSION = 1.0;
				PRODUCT_BUNDLE_IDENTIFIER = "Ryan-Div.Forge.watchkitapp";
				PRODUCT_NAME = "$(TARGET_NAME)";
				SDKROOT = watchos;
				SKIP_INSTALL = YES;
				SWIFT_ACTIVE_COMPILATION_CONDITIONS = "DEBUG $(inherited)";
				SWIFT_APPROACHABLE_CONCURRENCY = YES;
				SWIFT_EMIT_LOC_STRINGS = YES;
				SWIFT_VERSION = 5.0;
				TARGETED_DEVICE_FAMILY = 4;
				WATCHOS_DEPLOYMENT_TARGET = 11.0;
			};
			name = Debug;
		};
		C20000082C0000000000BB08 /* Release */ = {
			isa = XCBuildConfiguration;
			buildSettings = {
				ASSETCATALOG_COMPILER_APPICON_NAME = AppIcon;
				ASSETCATALOG_COMPILER_GENERATE_SWIFT_ASSET_SYMBOL_EXTENSIONS = YES;
				ASSETCATALOG_COMPILER_GLOBAL_ACCENT_COLOR_NAME = AccentColor;
				CODE_SIGN_ENTITLEMENTS = ForgeWatch/ForgeWatch.entitlements;
				CODE_SIGN_STYLE = Automatic;
				CURRENT_PROJECT_VERSION = 1;
				DEVELOPMENT_TEAM = 8CFYV5CWDL;
				ENABLE_PREVIEWS = YES;
				ENABLE_USER_SCRIPT_SANDBOXING = YES;
				GCC_C_LANGUAGE_STANDARD = gnu17;
				GENERATE_INFOPLIST_FILE = YES;
				INFOPLIST_KEY_CFBundleDisplayName = Forge;
				INFOPLIST_KEY_NSHealthShareUsageDescription = "Forge reads heart rate and active energy during workouts.";
				INFOPLIST_KEY_NSHealthUpdateUsageDescription = "Forge saves your completed workouts to Apple Health.";
				INFOPLIST_KEY_UISupportedInterfaceOrientations = "UIInterfaceOrientationPortrait UIInterfaceOrientationPortraitUpsideDown";
				INFOPLIST_KEY_WKBackgroundModes = workout-processing;
				INFOPLIST_KEY_WKCompanionAppBundleIdentifier = "Ryan-Div.Forge";
				LD_RUNPATH_SEARCH_PATHS = (
					"$(inherited)",
					"@executable_path/Frameworks",
				);
				LOCALIZATION_PREFERS_STRING_CATALOGS = YES;
				MARKETING_VERSION = 1.0;
				PRODUCT_BUNDLE_IDENTIFIER = "Ryan-Div.Forge.watchkitapp";
				PRODUCT_NAME = "$(TARGET_NAME)";
				SDKROOT = watchos;
				SKIP_INSTALL = YES;
				SWIFT_APPROACHABLE_CONCURRENCY = YES;
				SWIFT_EMIT_LOC_STRINGS = YES;
				SWIFT_VERSION = 5.0;
				TARGETED_DEVICE_FAMILY = 4;
				VALIDATE_PRODUCT = YES;
				WATCHOS_DEPLOYMENT_TARGET = 11.0;
			};
			name = Release;
		};
		F10BA8AF2F8579A300FAE979 /* Debug */ = {
			isa = XCBuildConfiguration;
			buildSettings = {
				ASSETCATALOG_COMPILER_GENERATE_SWIFT_ASSET_SYMBOL_EXTENSIONS = YES;
				BUNDLE_LOADER = "$(TEST_HOST)";
				CODE_SIGN_STYLE = Automatic;
				CURRENT_PROJECT_VERSION = 1;
				DEVELOPMENT_TEAM = 8CFYV5CWDL;
				ENABLE_USER_SCRIPT_SANDBOXING = YES;
				GCC_C_LANGUAGE_STANDARD = gnu17;
				GENERATE_INFOPLIST_FILE = YES;
				IPHONEOS_DEPLOYMENT_TARGET = 26.4;
				LOCALIZATION_PREFERS_STRING_CATALOGS = YES;
				MARKETING_VERSION = 1.0;
				PRODUCT_BUNDLE_IDENTIFIER = "Ryan-Div.ForgeTests";
				PRODUCT_NAME = "$(TARGET_NAME)";
				SDKROOT = iphoneos;
				STRING_CATALOG_GENERATE_SYMBOLS = NO;
				SWIFT_ACTIVE_COMPILATION_CONDITIONS = "DEBUG $(inherited)";
				SWIFT_APPROACHABLE_CONCURRENCY = YES;
				SWIFT_EMIT_LOC_STRINGS = NO;
				SWIFT_UPCOMING_FEATURE_MEMBER_IMPORT_VISIBILITY = YES;
				SWIFT_VERSION = 5.0;
				TARGETED_DEVICE_FAMILY = "1,2";
				TEST_HOST = "$(BUILT_PRODUCTS_DIR)/Forge.app/$(BUNDLE_EXECUTABLE_FOLDER_PATH)/Forge";
			};
			name = Debug;
		};
		F10BA8B02F8579A300FAE979 /* Release */ = {
			isa = XCBuildConfiguration;
			buildSettings = {
				ASSETCATALOG_COMPILER_GENERATE_SWIFT_ASSET_SYMBOL_EXTENSIONS = YES;
				BUNDLE_LOADER = "$(TEST_HOST)";
				CODE_SIGN_STYLE = Automatic;
				CURRENT_PROJECT_VERSION = 1;
				DEVELOPMENT_TEAM = 8CFYV5CWDL;
				ENABLE_USER_SCRIPT_SANDBOXING = YES;
				GCC_C_LANGUAGE_STANDARD = gnu17;
				GENERATE_INFOPLIST_FILE = YES;
				IPHONEOS_DEPLOYMENT_TARGET = 26.4;
				LOCALIZATION_PREFERS_STRING_CATALOGS = YES;
				MARKETING_VERSION = 1.0;
				PRODUCT_BUNDLE_IDENTIFIER = "Ryan-Div.ForgeTests";
				PRODUCT_NAME = "$(TARGET_NAME)";
				SDKROOT = iphoneos;
				STRING_CATALOG_GENERATE_SYMBOLS = NO;
				SWIFT_APPROACHABLE_CONCURRENCY = YES;
				SWIFT_EMIT_LOC_STRINGS = NO;
				SWIFT_UPCOMING_FEATURE_MEMBER_IMPORT_VISIBILITY = YES;
				SWIFT_VERSION = 5.0;
				TARGETED_DEVICE_FAMILY = "1,2";
				TEST_HOST = "$(BUILT_PRODUCTS_DIR)/Forge.app/$(BUNDLE_EXECUTABLE_FOLDER_PATH)/Forge";
				VALIDATE_PRODUCT = YES;
			};
			name = Release;
		};
		F1D4BC742F8C1425003835CB /* Debug */ = {
			isa = XCBuildConfiguration;
			buildSettings = {
				ASSETCATALOG_COMPILER_GENERATE_SWIFT_ASSET_SYMBOL_EXTENSIONS = YES;
				ASSETCATALOG_COMPILER_GLOBAL_ACCENT_COLOR_NAME = AccentColor;
				ASSETCATALOG_COMPILER_WIDGET_BACKGROUND_COLOR_NAME = WidgetBackground;
				CODE_SIGN_STYLE = Automatic;
				CURRENT_PROJECT_VERSION = 1;
				DEVELOPMENT_TEAM = 8CFYV5CWDL;
				ENABLE_USER_SCRIPT_SANDBOXING = YES;
				GCC_C_LANGUAGE_STANDARD = gnu17;
				GENERATE_INFOPLIST_FILE = YES;
				INFOPLIST_FILE = ForgeWidgets/Info.plist;
				INFOPLIST_KEY_CFBundleDisplayName = ForgeWidgets;
				INFOPLIST_KEY_NSHumanReadableCopyright = "";
				IPHONEOS_DEPLOYMENT_TARGET = 18.6;
				LD_RUNPATH_SEARCH_PATHS = (
					"$(inherited)",
					"@executable_path/Frameworks",
					"@executable_path/../../Frameworks",
				);
				LOCALIZATION_PREFERS_STRING_CATALOGS = YES;
				MARKETING_VERSION = 1.0;
				PRODUCT_BUNDLE_IDENTIFIER = "Ryan-Div.Forge.ForgeWidgets";
				PRODUCT_NAME = "$(TARGET_NAME)";
				SDKROOT = iphoneos;
				SKIP_INSTALL = YES;
				STRING_CATALOG_GENERATE_SYMBOLS = YES;
				SWIFT_ACTIVE_COMPILATION_CONDITIONS = "DEBUG $(inherited)";
				SWIFT_APPROACHABLE_CONCURRENCY = YES;
				SWIFT_EMIT_LOC_STRINGS = YES;
				SWIFT_UPCOMING_FEATURE_MEMBER_IMPORT_VISIBILITY = YES;
				SWIFT_VERSION = 5.0;
				TARGETED_DEVICE_FAMILY = "1,2";
			};
			name = Debug;
		};
		F1D4BC752F8C1425003835CB /* Release */ = {
			isa = XCBuildConfiguration;
			buildSettings = {
				ASSETCATALOG_COMPILER_GENERATE_SWIFT_ASSET_SYMBOL_EXTENSIONS = YES;
				ASSETCATALOG_COMPILER_GLOBAL_ACCENT_COLOR_NAME = AccentColor;
				ASSETCATALOG_COMPILER_WIDGET_BACKGROUND_COLOR_NAME = WidgetBackground;
				CODE_SIGN_STYLE = Automatic;
				CURRENT_PROJECT_VERSION = 1;
				DEVELOPMENT_TEAM = 8CFYV5CWDL;
				ENABLE_USER_SCRIPT_SANDBOXING = YES;
				GCC_C_LANGUAGE_STANDARD = gnu17;
				GENERATE_INFOPLIST_FILE = YES;
				INFOPLIST_FILE = ForgeWidgets/Info.plist;
				INFOPLIST_KEY_CFBundleDisplayName = ForgeWidgets;
				INFOPLIST_KEY_NSHumanReadableCopyright = "";
				IPHONEOS_DEPLOYMENT_TARGET = 18.6;
				LD_RUNPATH_SEARCH_PATHS = (
					"$(inherited)",
					"@executable_path/Frameworks",
					"@executable_path/../../Frameworks",
				);
				LOCALIZATION_PREFERS_STRING_CATALOGS = YES;
				MARKETING_VERSION = 1.0;
				PRODUCT_BUNDLE_IDENTIFIER = "Ryan-Div.Forge.ForgeWidgets";
				PRODUCT_NAME = "$(TARGET_NAME)";
				SDKROOT = iphoneos;
				SKIP_INSTALL = YES;
				STRING_CATALOG_GENERATE_SYMBOLS = YES;
				SWIFT_APPROACHABLE_CONCURRENCY = YES;
				SWIFT_EMIT_LOC_STRINGS = YES;
				SWIFT_UPCOMING_FEATURE_MEMBER_IMPORT_VISIBILITY = YES;
				SWIFT_VERSION = 5.0;
				TARGETED_DEVICE_FAMILY = "1,2";
				VALIDATE_PRODUCT = YES;
			};
			name = Release;
		};
		F1F850722A4920AD0093EE01 /* Debug */ = {
			isa = XCBuildConfiguration;
			buildSettings = {
				ALWAYS_SEARCH_USER_PATHS = NO;
				CLANG_ANALYZER_NONNULL = YES;
				CLANG_ANALYZER_NUMBER_OBJECT_CONVERSION = YES_AGGRESSIVE;
				CLANG_CXX_LANGUAGE_STANDARD = "gnu++20";
				CLANG_ENABLE_MODULES = YES;
				CLANG_ENABLE_OBJC_ARC = YES;
				CLANG_ENABLE_OBJC_WEAK = YES;
				CLANG_WARN_BLOCK_CAPTURE_AUTORELEASING = YES;
				CLANG_WARN_BOOL_CONVERSION = YES;
				CLANG_WARN_COMMA = YES;
				CLANG_WARN_CONSTANT_CONVERSION = YES;
				CLANG_WARN_DEPRECATED_OBJC_IMPLEMENTATIONS = YES;
				CLANG_WARN_DIRECT_OBJC_ISA_USAGE = YES_ERROR;
				CLANG_WARN_DOCUMENTATION_COMMENTS = YES;
				CLANG_WARN_EMPTY_BODY = YES;
				CLANG_WARN_ENUM_CONVERSION = YES;
				CLANG_WARN_INFINITE_RECURSION = YES;
				CLANG_WARN_INT_CONVERSION = YES;
				CLANG_WARN_NON_LITERAL_NULL_CONVERSION = YES;
				CLANG_WARN_OBJC_IMPLICIT_RETAIN_SELF = YES;
				CLANG_WARN_OBJC_LITERAL_CONVERSION = YES;
				CLANG_WARN_OBJC_ROOT_CLASS = YES_ERROR;
				CLANG_WARN_QUOTED_INCLUDE_IN_FRAMEWORK_HEADER = YES;
				CLANG_WARN_RANGE_LOOP_ANALYSIS = YES;
				CLANG_WARN_STRICT_PROTOTYPES = YES;
				CLANG_WARN_SUSPICIOUS_MOVE = YES;
				CLANG_WARN_UNGUARDED_AVAILABILITY = YES_AGGRESSIVE;
				CLANG_WARN_UNREACHABLE_CODE = YES;
				CLANG_WARN__DUPLICATE_METHOD_MATCH = YES;
				COPY_PHASE_STRIP = NO;
				DEBUG_INFORMATION_FORMAT = dwarf;
				ENABLE_STRICT_OBJC_MSGSEND = YES;
				ENABLE_TESTABILITY = YES;
				GCC_C_LANGUAGE_STANDARD = gnu11;
				GCC_DYNAMIC_NO_PIC = NO;
				GCC_NO_COMMON_BLOCKS = YES;
				GCC_OPTIMIZATION_LEVEL = 0;
				GCC_PREPROCESSOR_DEFINITIONS = (
					"DEBUG=1",
					"$(inherited)",
				);
				GCC_WARN_64_TO_32_BIT_CONVERSION = YES;
				GCC_WARN_ABOUT_RETURN_TYPE = YES_ERROR;
				GCC_WARN_UNDECLARED_SELECTOR = YES;
				GCC_WARN_UNINITIALIZED_AUTOS = YES_AGGRESSIVE;
				GCC_WARN_UNUSED_FUNCTION = YES;
				GCC_WARN_UNUSED_VARIABLE = YES;
				MTL_ENABLE_DEBUG_INFO = INCLUDE_SOURCE;
				MTL_FAST_MATH = YES;
				ONLY_ACTIVE_ARCH = YES;
				SWIFT_ACTIVE_COMPILATION_CONDITIONS = DEBUG;
				SWIFT_OPTIMIZATION_LEVEL = "-Onone";
			};
			name = Debug;
		};
		F1F850732A4920AD0093EE01 /* Release */ = {
			isa = XCBuildConfiguration;
			buildSettings = {
				ALWAYS_SEARCH_USER_PATHS = NO;
				CLANG_ANALYZER_NONNULL = YES;
				CLANG_ANALYZER_NUMBER_OBJECT_CONVERSION = YES_AGGRESSIVE;
				CLANG_CXX_LANGUAGE_STANDARD = "gnu++20";
				CLANG_ENABLE_MODULES = YES;
				CLANG_ENABLE_OBJC_ARC = YES;
				CLANG_ENABLE_OBJC_WEAK = YES;
				CLANG_WARN_BLOCK_CAPTURE_AUTORELEASING = YES;
				CLANG_WARN_BOOL_CONVERSION = YES;
				CLANG_WARN_COMMA = YES;
				CLANG_WARN_CONSTANT_CONVERSION = YES;
				CLANG_WARN_DEPRECATED_OBJC_IMPLEMENTATIONS = YES;
				CLANG_WARN_DIRECT_OBJC_ISA_USAGE = YES_ERROR;
				CLANG_WARN_DOCUMENTATION_COMMENTS = YES;
				CLANG_WARN_EMPTY_BODY = YES;
				CLANG_WARN_ENUM_CONVERSION = YES;
				CLANG_WARN_INFINITE_RECURSION = YES;
				CLANG_WARN_INT_CONVERSION = YES;
				CLANG_WARN_NON_LITERAL_NULL_CONVERSION = YES;
				CLANG_WARN_OBJC_IMPLICIT_RETAIN_SELF = YES;
				CLANG_WARN_OBJC_LITERAL_CONVERSION = YES;
				CLANG_WARN_OBJC_ROOT_CLASS = YES_ERROR;
				CLANG_WARN_QUOTED_INCLUDE_IN_FRAMEWORK_HEADER = YES;
				CLANG_WARN_RANGE_LOOP_ANALYSIS = YES;
				CLANG_WARN_STRICT_PROTOTYPES = YES;
				CLANG_WARN_SUSPICIOUS_MOVE = YES;
				CLANG_WARN_UNGUARDED_AVAILABILITY = YES_AGGRESSIVE;
				CLANG_WARN_UNREACHABLE_CODE = YES;
				CLANG_WARN__DUPLICATE_METHOD_MATCH = YES;
				COPY_PHASE_STRIP = NO;
				DEBUG_INFORMATION_FORMAT = "dwarf-with-dsym";
				ENABLE_NS_ASSERTIONS = NO;
				ENABLE_STRICT_OBJC_MSGSEND = YES;
				GCC_C_LANGUAGE_STANDARD = gnu11;
				GCC_NO_COMMON_BLOCKS = YES;
				GCC_WARN_64_TO_32_BIT_CONVERSION = YES;
				GCC_WARN_ABOUT_RETURN_TYPE = YES_ERROR;
				GCC_WARN_UNDECLARED_SELECTOR = YES;
				GCC_WARN_UNINITIALIZED_AUTOS = YES_AGGRESSIVE;
				GCC_WARN_UNUSED_FUNCTION = YES;
				GCC_WARN_UNUSED_VARIABLE = YES;
				MTL_ENABLE_DEBUG_INFO = NO;
				MTL_FAST_MATH = YES;
				SWIFT_COMPILATION_MODE = wholemodule;
				SWIFT_OPTIMIZATION_LEVEL = "-O";
			};
			name = Release;
		};
		F1F850752A4920AD0093EE01 /* Debug */ = {
			isa = XCBuildConfiguration;
			buildSettings = {
				ASSETCATALOG_COMPILER_APPICON_NAME = AppIcon;
				ASSETCATALOG_COMPILER_GLOBAL_ACCENT_COLOR_NAME = AccentColor;
				CODE_SIGN_ENTITLEMENTS = Forge/Forge.entitlements;
				CODE_SIGN_IDENTITY = "Apple Development";
				CODE_SIGN_STYLE = Automatic;
				CURRENT_PROJECT_VERSION = 1;
				DEVELOPMENT_ASSET_PATHS = "\"Forge/Preview Content\"";
				DEVELOPMENT_TEAM = 8CFYV5CWDL;
				ENABLE_HARDENED_RUNTIME = YES;
				ENABLE_PREVIEWS = YES;
				GENERATE_INFOPLIST_FILE = YES;
				INFOPLIST_KEY_CFBundleDisplayName = Forge;
				INFOPLIST_KEY_LSApplicationCategoryType = "public.app-category.healthcare-fitness";
				INFOPLIST_KEY_NSHealthShareUsageDescription = "Forge reads workout data to display your fitness history.";
				INFOPLIST_KEY_NSHealthUpdateUsageDescription = "Forge saves your completed workouts to Apple Health.";
				INFOPLIST_KEY_NSSupportsLiveActivities = YES;
				"INFOPLIST_KEY_UIApplicationSceneManifest_Generation[sdk=iphoneos*]" = YES;
				"INFOPLIST_KEY_UIApplicationSceneManifest_Generation[sdk=iphonesimulator*]" = YES;
				"INFOPLIST_KEY_UIApplicationSupportsIndirectInputEvents[sdk=iphoneos*]" = YES;
				"INFOPLIST_KEY_UIApplicationSupportsIndirectInputEvents[sdk=iphonesimulator*]" = YES;
				"INFOPLIST_KEY_UILaunchScreen_Generation[sdk=iphoneos*]" = YES;
				"INFOPLIST_KEY_UILaunchScreen_Generation[sdk=iphonesimulator*]" = YES;
				INFOPLIST_KEY_UILaunchStoryboardName = "Launch Screen.storyboard";
				INFOPLIST_KEY_UIStatusBarStyle = UIStatusBarStyleDarkContent;
				"INFOPLIST_KEY_UIStatusBarStyle[sdk=iphoneos*]" = UIStatusBarStyleDefault;
				"INFOPLIST_KEY_UIStatusBarStyle[sdk=iphonesimulator*]" = UIStatusBarStyleDefault;
				INFOPLIST_KEY_UISupportedInterfaceOrientations = UIInterfaceOrientationPortrait;
				INFOPLIST_KEY_UISupportedInterfaceOrientations_iPad = "UIInterfaceOrientationLandscapeLeft UIInterfaceOrientationLandscapeRight UIInterfaceOrientationPortrait UIInterfaceOrientationPortraitUpsideDown";
				INFOPLIST_KEY_UIUserInterfaceStyle = Dark;
				IPHONEOS_DEPLOYMENT_TARGET = 18.6;
				LD_RUNPATH_SEARCH_PATHS = "@executable_path/Frameworks";
				"LD_RUNPATH_SEARCH_PATHS[sdk=macosx*]" = "@executable_path/../Frameworks";
				MACOSX_DEPLOYMENT_TARGET = 13.3;
				MARKETING_VERSION = 1.0;
				PRODUCT_BUNDLE_IDENTIFIER = "Ryan-Div.Forge";
				PRODUCT_NAME = "$(TARGET_NAME)";
				PROVISIONING_PROFILE_SPECIFIER = "";
				SDKROOT = auto;
				SUPPORTED_PLATFORMS = "iphoneos iphonesimulator";
				SUPPORTS_MACCATALYST = NO;
				SUPPORTS_MAC_DESIGNED_FOR_IPHONE_IPAD = NO;
				SWIFT_EMIT_LOC_STRINGS = YES;
				SWIFT_VERSION = 5.0;
				TARGETED_DEVICE_FAMILY = "1,2";
			};
			name = Debug;
		};
		F1F850762A4920AD0093EE01 /* Release */ = {
			isa = XCBuildConfiguration;
			buildSettings = {
				ASSETCATALOG_COMPILER_APPICON_NAME = AppIcon;
				ASSETCATALOG_COMPILER_GLOBAL_ACCENT_COLOR_NAME = AccentColor;
				CODE_SIGN_ENTITLEMENTS = Forge/Forge.entitlements;
				CODE_SIGN_IDENTITY = "Apple Development";
				CODE_SIGN_STYLE = Automatic;
				CURRENT_PROJECT_VERSION = 1;
				DEVELOPMENT_ASSET_PATHS = "\"Forge/Preview Content\"";
				DEVELOPMENT_TEAM = 8CFYV5CWDL;
				ENABLE_HARDENED_RUNTIME = YES;
				ENABLE_PREVIEWS = YES;
				GENERATE_INFOPLIST_FILE = YES;
				INFOPLIST_KEY_CFBundleDisplayName = Forge;
				INFOPLIST_KEY_LSApplicationCategoryType = "public.app-category.healthcare-fitness";
				INFOPLIST_KEY_NSHealthShareUsageDescription = "Forge reads workout data to display your fitness history.";
				INFOPLIST_KEY_NSHealthUpdateUsageDescription = "Forge saves your completed workouts to Apple Health.";
				INFOPLIST_KEY_NSSupportsLiveActivities = YES;
				"INFOPLIST_KEY_UIApplicationSceneManifest_Generation[sdk=iphoneos*]" = YES;
				"INFOPLIST_KEY_UIApplicationSceneManifest_Generation[sdk=iphonesimulator*]" = YES;
				"INFOPLIST_KEY_UIApplicationSupportsIndirectInputEvents[sdk=iphoneos*]" = YES;
				"INFOPLIST_KEY_UIApplicationSupportsIndirectInputEvents[sdk=iphonesimulator*]" = YES;
				"INFOPLIST_KEY_UILaunchScreen_Generation[sdk=iphoneos*]" = YES;
				"INFOPLIST_KEY_UILaunchScreen_Generation[sdk=iphonesimulator*]" = YES;
				INFOPLIST_KEY_UILaunchStoryboardName = "Launch Screen.storyboard";
				INFOPLIST_KEY_UIStatusBarStyle = UIStatusBarStyleDarkContent;
				"INFOPLIST_KEY_UIStatusBarStyle[sdk=iphoneos*]" = UIStatusBarStyleDefault;
				"INFOPLIST_KEY_UIStatusBarStyle[sdk=iphonesimulator*]" = UIStatusBarStyleDefault;
				INFOPLIST_KEY_UISupportedInterfaceOrientations = UIInterfaceOrientationPortrait;
				INFOPLIST_KEY_UISupportedInterfaceOrientations_iPad = "UIInterfaceOrientationLandscapeLeft UIInterfaceOrientationLandscapeRight UIInterfaceOrientationPortrait UIInterfaceOrientationPortraitUpsideDown";
				INFOPLIST_KEY_UIUserInterfaceStyle = Dark;
				IPHONEOS_DEPLOYMENT_TARGET = 18.6;
				LD_RUNPATH_SEARCH_PATHS = "@executable_path/Frameworks";
				"LD_RUNPATH_SEARCH_PATHS[sdk=macosx*]" = "@executable_path/../Frameworks";
				MACOSX_DEPLOYMENT_TARGET = 13.3;
				MARKETING_VERSION = 1.0;
				PRODUCT_BUNDLE_IDENTIFIER = "Ryan-Div.Forge";
				PRODUCT_NAME = "$(TARGET_NAME)";
				PROVISIONING_PROFILE_SPECIFIER = "";
				SDKROOT = auto;
				SUPPORTED_PLATFORMS = "iphoneos iphonesimulator";
				SUPPORTS_MACCATALYST = NO;
				SUPPORTS_MAC_DESIGNED_FOR_IPHONE_IPAD = NO;
				SWIFT_EMIT_LOC_STRINGS = YES;
				SWIFT_VERSION = 5.0;
				TARGETED_DEVICE_FAMILY = "1,2";
			};
			name = Release;
		};
/* End XCBuildConfiguration section */

/* Begin XCConfigurationList section */
		C20000092C0000000000BB09 /* Build configuration list for PBXNativeTarget "ForgeWatch" */ = {
			isa = XCConfigurationList;
			buildConfigurations = (
				C20000072C0000000000BB07 /* Debug */,
				C20000082C0000000000BB08 /* Release */,
			);
			defaultConfigurationIsVisible = 0;
			defaultConfigurationName = Release;
		};
		F10BA8B12F8579A300FAE979 /* Build configuration list for PBXNativeTarget "ForgeTests" */ = {
			isa = XCConfigurationList;
			buildConfigurations = (
				F10BA8AF2F8579A300FAE979 /* Debug */,
				F10BA8B02F8579A300FAE979 /* Release */,
			);
			defaultConfigurationIsVisible = 0;
			defaultConfigurationName = Release;
		};
		F1D4BC772F8C1425003835CB /* Build configuration list for PBXNativeTarget "ForgeWidgetsExtension" */ = {
			isa = XCConfigurationList;
			buildConfigurations = (
				F1D4BC742F8C1425003835CB /* Debug */,
				F1D4BC752F8C1425003835CB /* Release */,
			);
			defaultConfigurationIsVisible = 0;
			defaultConfigurationName = Release;
		};
		F1F850602A4920AB0093EE01 /* Build configuration list for PBXProject "Forge" */ = {
			isa = XCConfigurationList;
			buildConfigurations = (
				F1F850722A4920AD0093EE01 /* Debug */,
				F1F850732A4920AD0093EE01 /* Release */,
			);
			defaultConfigurationIsVisible = 0;
			defaultConfigurationName = Release;
		};
		F1F850742A4920AD0093EE01 /* Build configuration list for PBXNativeTarget "Forge" */ = {
			isa = XCConfigurationList;
			buildConfigurations = (
				F1F850752A4920AD0093EE01 /* Debug */,
				F1F850762A4920AD0093EE01 /* Release */,
			);
			defaultConfigurationIsVisible = 0;
			defaultConfigurationName = Release;
		};
/* End XCConfigurationList section */
	};
	rootObject = F1F8505D2A4920AB0093EE01 /* Project object */;
}
