// !$*UTF8*$!
{
	archiveVersion = 1;
	classes = {
	};
	objectVersion = 56;
	objects = {

/* Begin PBXBuildFile section */
		F14E94742A4BD118008155FA /* ExerciseEditorView.swift in Sources */ = {isa = PBXBuildFile; fileRef = F14E94732A4BD118008155FA /* ExerciseEditorView.swift */; };
		F14E94762A4BD288008155FA /* ExerciseViewModel.swift in Sources */ = {isa = PBXBuildFile; fileRef = F14E94752A4BD288008155FA /* ExerciseViewModel.swift */; };
		F15998352A4C170400D9B2FB /* ReorderDeleteView.swift in Sources */ = {isa = PBXBuildFile; fileRef = F15998342A4C170400D9B2FB /* ReorderDeleteView.swift */; };
		F17247632A4CE4A800937621 /* WorkoutInProgressView.swift in Sources */ = {isa = PBXBuildFile; fileRef = F17247622A4CE4A800937621 /* WorkoutInProgressView.swift */; };
		F17247672A4D156600937621 /* Set.swift in Sources */ = {isa = PBXBuildFile; fileRef = F17247662A4D156600937621 /* Set.swift */; };
		F19EDD7D2A511EFF00B2E974 /* SetView.swift in Sources */ = {isa = PBXBuildFile; fileRef = F19EDD7C2A511EFF00B2E974 /* SetView.swift */; };
		F1F850692A4920AB0093EE01 /* ForgeApp.swift in Sources */ = {isa = PBXBuildFile; fileRef = F1F850682A4920AB0093EE01 /* ForgeApp.swift */; };
		F1F8506D2A4920AD0093EE01 /* Assets.xcassets in Resources */ = {isa = PBXBuildFile; fileRef = F1F8506C2A4920AD0093EE01 /* Assets.xcassets */; };
		F1F850712A4920AD0093EE01 /* Preview Assets.xcassets in Resources */ = {isa = PBXBuildFile; fileRef = F1F850702A4920AD0093EE01 /* Preview Assets.xcassets */; };
		F1F8507D2A49249C0093EE01 /* CompletedWorkoutsView.swift in Sources */ = {isa = PBXBuildFile; fileRef = F1F8507C2A49249C0093EE01 /* CompletedWorkoutsView.swift */; };
		F1F850812A4925470093EE01 /* Exercise.swift in Sources */ = {isa = PBXBuildFile; fileRef = F1F850802A4925470093EE01 /* Exercise.swift */; };
		F1F850832A4926AF0093EE01 /* WorkoutPlan.swift in Sources */ = {isa = PBXBuildFile; fileRef = F1F850822A4926AF0093EE01 /* WorkoutPlan.swift */; };
		F1F850872A4929390093EE01 /* GlobalSettings.swift in Sources */ = {isa = PBXBuildFile; fileRef = F1F850862A4929390093EE01 /* GlobalSettings.swift */; };
		F1F850892A4929E10093EE01 /* MockData.swift in Sources */ = {isa = PBXBuildFile; fileRef = F1F850882A4929E10093EE01 /* MockData.swift */; };
		F1F8508C2A493BD90093EE01 /* CompletedWorkoutsViewModel.swift in Sources */ = {isa = PBXBuildFile; fileRef = F1F8508B2A493BD90093EE01 /* CompletedWorkoutsViewModel.swift */; };
		F1F8508E2A493C460093EE01 /* CompletedWorkout.swift in Sources */ = {isa = PBXBuildFile; fileRef = F1F8508D2A493C460093EE01 /* CompletedWorkout.swift */; };
		F1F850902A49400C0093EE01 /* Launch Screen.storyboard in Resources */ = {isa = PBXBuildFile; fileRef = F1F8507E2A4924D20093EE01 /* Launch Screen.storyboard */; };
		F1F850922A494DD00093EE01 /* SelectPlanView.swift in Sources */ = {isa = PBXBuildFile; fileRef = F1F850912A494DD00093EE01 /* SelectPlanView.swift */; };
		F1F850942A494DFD0093EE01 /* PlanViewModel.swift in Sources */ = {isa = PBXBuildFile; fileRef = F1F850932A494DFD0093EE01 /* PlanViewModel.swift */; };
		F1F850962A4956CA0093EE01 /* PlanEditorView.swift in Sources */ = {isa = PBXBuildFile; fileRef = F1F850952A4956CA0093EE01 /* PlanEditorView.swift */; };
		F1F8509F2A4958890093EE01 /* BlurView.swift in Sources */ = {isa = PBXBuildFile; fileRef = F1F8509E2A4958890093EE01 /* BlurView.swift */; };
/* End PBXBuildFile section */

/* Begin PBXFileReference section */
		F14E94732A4BD118008155FA /* ExerciseEditorView.swift */ = {isa = PBXFileReference; lastKnownFileType = sourcecode.swift; path = ExerciseEditorView.swift; sourceTree = "<group>"; };
		F14E94752A4BD288008155FA /* ExerciseViewModel.swift */ = {isa = PBXFileReference; lastKnownFileType = sourcecode.swift; path = ExerciseViewModel.swift; sourceTree = "<group>"; };
		F14E94772A4BEC29008155FA /* testingViews.playground */ = {isa = PBXFileReference; lastKnownFileType = file.playground; path = testingViews.playground; sourceTree = "<group>"; xcLanguageSpecificationIdentifier = xcode.lang.swift; };
		F15998342A4C170400D9B2FB /* ReorderDeleteView.swift */ = {isa = PBXFileReference; lastKnownFileType = sourcecode.swift; path = ReorderDeleteView.swift; sourceTree = "<group>"; };
		F17247622A4CE4A800937621 /* WorkoutInProgressView.swift */ = {isa = PBXFileReference; lastKnownFileType = sourcecode.swift; path = WorkoutInProgressView.swift; sourceTree = "<group>"; };
		F17247662A4D156600937621 /* Set.swift */ = {isa = PBXFileReference; lastKnownFileType = sourcecode.swift; path = Set.swift; sourceTree = "<group>"; };
		F19EDD7C2A511EFF00B2E974 /* SetView.swift */ = {isa = PBXFileReference; lastKnownFileType = sourcecode.swift; path = SetView.swift; sourceTree = "<group>"; };
		F1F850652A4920AB0093EE01 /* Forge.app */ = {isa = PBXFileReference; explicitFileType = wrapper.application; includeInIndex = 0; path = Forge.app; sourceTree = BUILT_PRODUCTS_DIR; };
		F1F850682A4920AB0093EE01 /* ForgeApp.swift */ = {isa = PBXFileReference; lastKnownFileType = sourcecode.swift; path = ForgeApp.swift; sourceTree = "<group>"; };
		F1F8506C2A4920AD0093EE01 /* Assets.xcassets */ = {isa = PBXFileReference; lastKnownFileType = folder.assetcatalog; path = Assets.xcassets; sourceTree = "<group>"; };
		F1F8506E2A4920AD0093EE01 /* Forge.entitlements */ = {isa = PBXFileReference; lastKnownFileType = text.plist.entitlements; path = Forge.entitlements; sourceTree = "<group>"; };
		F1F850702A4920AD0093EE01 /* Preview Assets.xcassets */ = {isa = PBXFileReference; lastKnownFileType = folder.assetcatalog; path = "Preview Assets.xcassets"; sourceTree = "<group>"; };
		F1F8507C2A49249C0093EE01 /* CompletedWorkoutsView.swift */ = {isa = PBXFileReference; lastKnownFileType = sourcecode.swift; path = CompletedWorkoutsView.swift; sourceTree = "<group>"; };
		F1F8507E2A4924D20093EE01 /* Launch Screen.storyboard */ = {isa = PBXFileReference; lastKnownFileType = file.storyboard; path = "Launch Screen.storyboard"; sourceTree = "<group>"; };
		F1F850802A4925470093EE01 /* Exercise.swift */ = {isa = PBXFileReference; lastKnownFileType = sourcecode.swift; path = Exercise.swift; sourceTree = "<group>"; };
		F1F850822A4926AF0093EE01 /* WorkoutPlan.swift */ = {isa = PBXFileReference; lastKnownFileType = sourcecode.swift; path = WorkoutPlan.swift; sourceTree = "<group>"; };
		F1F850862A4929390093EE01 /* GlobalSettings.swift */ = {isa = PBXFileReference; lastKnownFileType = sourcecode.swift; path = GlobalSettings.swift; sourceTree = "<group>"; };
		F1F850882A4929E10093EE01 /* MockData.swift */ = {isa = PBXFileReference; lastKnownFileType = sourcecode.swift; path = MockData.swift; sourceTree = "<group>"; };
		F1F8508A2A4936250093EE01 /* TestingDataModel.playground */ = {isa = PBXFileReference; lastKnownFileType = file.playground; name = TestingDataModel.playground; path = Forge/Testing/TestingDataModel.playground; sourceTree = SOURCE_ROOT; xcLanguageSpecificationIdentifier = xcode.lang.swift; };
		F1F8508B2A493BD90093EE01 /* CompletedWorkoutsViewModel.swift */ = {isa = PBXFileReference; lastKnownFileType = sourcecode.swift; path = CompletedWorkoutsViewModel.swift; sourceTree = "<group>"; };
		F1F8508D2A493C460093EE01 /* CompletedWorkout.swift */ = {isa = PBXFileReference; lastKnownFileType = sourcecode.swift; path = CompletedWorkout.swift; sourceTree = "<group>"; };
		F1F8508F2A493E460093EE01 /* TestingViewModel.playground */ = {isa = PBXFileReference; lastKnownFileType = file.playground; path = TestingViewModel.playground; sourceTree = "<group>"; xcLanguageSpecificationIdentifier = xcode.lang.swift; };
		F1F850912A494DD00093EE01 /* SelectPlanView.swift */ = {isa = PBXFileReference; lastKnownFileType = sourcecode.swift; path = SelectPlanView.swift; sourceTree = "<group>"; };
		F1F850932A494DFD0093EE01 /* PlanViewModel.swift */ = {isa = PBXFileReference; lastKnownFileType = sourcecode.swift; path = PlanViewModel.swift; sourceTree = "<group>"; };
		F1F850952A4956CA0093EE01 /* PlanEditorView.swift */ = {isa = PBXFileReference; lastKnownFileType = sourcecode.swift; path = PlanEditorView.swift; sourceTree = "<group>"; };
		F1F8509E2A4958890093EE01 /* BlurView.swift */ = {isa = PBXFileReference; lastKnownFileType = sourcecode.swift; path = BlurView.swift; sourceTree = "<group>"; };
/* End PBXFileReference section */

/* Begin PBXFrameworksBuildPhase section */
		F1F850622A4920AB0093EE01 /* Frameworks */ = {
			isa = PBXFrameworksBuildPhase;
			buildActionMask = 2147483647;
			files = (
			);
			runOnlyForDeploymentPostprocessing = 0;
		};
/* End PBXFrameworksBuildPhase section */

/* Begin PBXGroup section */
		F1F8505C2A4920AB0093EE01 = {
			isa = PBXGroup;
			children = (
				F1F8507E2A4924D20093EE01 /* Launch Screen.storyboard */,
				F1F850682A4920AB0093EE01 /* ForgeApp.swift */,
				F1F850672A4920AB0093EE01 /* Forge */,
				F1F850662A4920AB0093EE01 /* Products */,
			);
			sourceTree = "<group>";
		};
		F1F850662A4920AB0093EE01 /* Products */ = {
			isa = PBXGroup;
			children = (
				F1F850652A4920AB0093EE01 /* Forge.app */,
			);
			name = Products;
			sourceTree = "<group>";
		};
		F1F850672A4920AB0093EE01 /* Forge */ = {
			isa = PBXGroup;
			children = (
				F1F8507B2A4924900093EE01 /* Data Model */,
				F1F8507A2A4924880093EE01 /* View Model */,
				F1F850792A4924810093EE01 /* Views */,
				F1F850972A4958270093EE01 /* UI Support */,
				F1F8506C2A4920AD0093EE01 /* Assets.xcassets */,
				F1F8506E2A4920AD0093EE01 /* Forge.entitlements */,
				F1F8506F2A4920AD0093EE01 /* Preview Content */,
			);
			path = Forge;
			sourceTree = "<group>";
		};
		F1F8506F2A4920AD0093EE01 /* Preview Content */ = {
			isa = PBXGroup;
			children = (
				F1F850702A4920AD0093EE01 /* Preview Assets.xcassets */,
			);
			path = "Preview Content";
			sourceTree = "<group>";
		};
		F1F850792A4924810093EE01 /* Views */ = {
			isa = PBXGroup;
			children = (
				F1F8507C2A49249C0093EE01 /* CompletedWorkoutsView.swift */,
				F1F850912A494DD00093EE01 /* SelectPlanView.swift */,
				F1F850952A4956CA0093EE01 /* PlanEditorView.swift */,
				F14E94732A4BD118008155FA /* ExerciseEditorView.swift */,
				F19EDD7C2A511EFF00B2E974 /* SetView.swift */,
				F17247622A4CE4A800937621 /* WorkoutInProgressView.swift */,
				F15998342A4C170400D9B2FB /* ReorderDeleteView.swift */,
				F14E94772A4BEC29008155FA /* testingViews.playground */,
			);
			path = Views;
			sourceTree = "<group>";
		};
		F1F8507A2A4924880093EE01 /* View Model */ = {
			isa = PBXGroup;
			children = (
				F1F850882A4929E10093EE01 /* MockData.swift */,
				F1F850862A4929390093EE01 /* GlobalSettings.swift */,
				F1F850932A494DFD0093EE01 /* PlanViewModel.swift */,
				F14E94752A4BD288008155FA /* ExerciseViewModel.swift */,
				F1F8508B2A493BD90093EE01 /* CompletedWorkoutsViewModel.swift */,
				F1F8508F2A493E460093EE01 /* TestingViewModel.playground */,
			);
			path = "View Model";
			sourceTree = "<group>";
		};
		F1F8507B2A4924900093EE01 /* Data Model */ = {
			isa = PBXGroup;
			children = (
				F17247662A4D156600937621 /* Set.swift */,
				F1F850802A4925470093EE01 /* Exercise.swift */,
				F1F850822A4926AF0093EE01 /* WorkoutPlan.swift */,
				F1F8508D2A493C460093EE01 /* CompletedWorkout.swift */,
				F1F8508A2A4936250093EE01 /* TestingDataModel.playground */,
			);
			path = "Data Model";
			sourceTree = "<group>";
		};
		F1F850972A4958270093EE01 /* UI Support */ = {
			isa = PBXGroup;
			children = (
				F1F8509E2A4958890093EE01 /* BlurView.swift */,
			);
			path = "UI Support";
			sourceTree = "<group>";
		};
/* End PBXGroup section */

/* Begin PBXNativeTarget section */
		F1F850642A4920AB0093EE01 /* Forge */ = {
			isa = PBXNativeTarget;
			buildConfigurationList = F1F850742A4920AD0093EE01 /* Build configuration list for PBXNativeTarget "Forge" */;
			buildPhases = (
				F1F850612A4920AB0093EE01 /* Sources */,
				F1F850622A4920AB0093EE01 /* Frameworks */,
				F1F850632A4920AB0093EE01 /* Resources */,
			);
			buildRules = (
			);
			dependencies = (
			);
			name = Forge;
			productName = Forge;
			productReference = F1F850652A4920AB0093EE01 /* Forge.app */;
			productType = "com.apple.product-type.application";
		};
/* End PBXNativeTarget section */

/* Begin PBXProject section */
		F1F8505D2A4920AB0093EE01 /* Project object */ = {
			isa = PBXProject;
			attributes = {
				BuildIndependentTargetsInParallel = 1;
				LastSwiftUpdateCheck = 1430;
				LastUpgradeCheck = 1430;
				TargetAttributes = {
					F1F850642A4920AB0093EE01 = {
						CreatedOnToolsVersion = 14.3;
					};
				};
			};
			buildConfigurationList = F1F850602A4920AB0093EE01 /* Build configuration list for PBXProject "Forge" */;
			compatibilityVersion = "Xcode 14.0";
			developmentRegion = en;
			hasScannedForEncodings = 0;
			knownRegions = (
				en,
				Base,
			);
			mainGroup = F1F8505C2A4920AB0093EE01;
			productRefGroup = F1F850662A4920AB0093EE01 /* Products */;
			projectDirPath = "";
			projectRoot = "";
			targets = (
				F1F850642A4920AB0093EE01 /* Forge */,
			);
		};
/* End PBXProject section */

/* Begin PBXResourcesBuildPhase section */
		F1F850632A4920AB0093EE01 /* Resources */ = {
			isa = PBXResourcesBuildPhase;
			buildActionMask = 2147483647;
			files = (
				F1F850902A49400C0093EE01 /* Launch Screen.storyboard in Resources */,
				F1F850712A4920AD0093EE01 /* Preview Assets.xcassets in Resources */,
				F1F8506D2A4920AD0093EE01 /* Assets.xcassets in Resources */,
			);
			runOnlyForDeploymentPostprocessing = 0;
		};
/* End PBXResourcesBuildPhase section */

/* Begin PBXSourcesBuildPhase section */
		F1F850612A4920AB0093EE01 /* Sources */ = {
			isa = PBXSourcesBuildPhase;
			buildActionMask = 2147483647;
			files = (
				F1F850962A4956CA0093EE01 /* PlanEditorView.swift in Sources */,
				F1F8509F2A4958890093EE01 /* BlurView.swift in Sources */,
				F1F8507D2A49249C0093EE01 /* CompletedWorkoutsView.swift in Sources */,
				F1F8508E2A493C460093EE01 /* CompletedWorkout.swift in Sources */,
				F1F850692A4920AB0093EE01 /* ForgeApp.swift in Sources */,
				F1F850832A4926AF0093EE01 /* WorkoutPlan.swift in Sources */,
				F14E94762A4BD288008155FA /* ExerciseViewModel.swift in Sources */,
				F14E94742A4BD118008155FA /* ExerciseEditorView.swift in Sources */,
				F17247672A4D156600937621 /* Set.swift in Sources */,
				F15998352A4C170400D9B2FB /* ReorderDeleteView.swift in Sources */,
				F1F850922A494DD00093EE01 /* SelectPlanView.swift in Sources */,
				F1F850812A4925470093EE01 /* Exercise.swift in Sources */,
				F1F8508C2A493BD90093EE01 /* CompletedWorkoutsViewModel.swift in Sources */,
				F19EDD7D2A511EFF00B2E974 /* SetView.swift in Sources */,
				F1F850892A4929E10093EE01 /* MockData.swift in Sources */,
				F17247632A4CE4A800937621 /* WorkoutInProgressView.swift in Sources */,
				F1F850872A4929390093EE01 /* GlobalSettings.swift in Sources */,
				F1F850942A494DFD0093EE01 /* PlanViewModel.swift in Sources */,
			);
			runOnlyForDeploymentPostprocessing = 0;
		};
/* End PBXSourcesBuildPhase section */

/* Begin XCBuildConfiguration section */
		F1F850722A4920AD0093EE01 /* Debug */ = {
			isa = XCBuildConfiguration;
			buildSettings = {
				ALWAYS_SEARCH_USER_PATHS = NO;
				CLANG_ANALYZER_NONNULL = YES;
				CLANG_ANALYZER_NUMBER_OBJECT_CONVERSION = YES_AGGRESSIVE;
				CLANG_CXX_LANGUAGE_STANDARD = "gnu++20";
				CLANG_ENABLE_MODULES = YES;
				CLANG_ENABLE_OBJC_ARC = YES;
				CLANG_ENABLE_OBJC_WEAK = YES;
				CLANG_WARN_BLOCK_CAPTURE_AUTORELEASING = YES;
				CLANG_WARN_BOOL_CONVERSION = YES;
				CLANG_WARN_COMMA = YES;
				CLANG_WARN_CONSTANT_CONVERSION = YES;
				CLANG_WARN_DEPRECATED_OBJC_IMPLEMENTATIONS = YES;
				CLANG_WARN_DIRECT_OBJC_ISA_USAGE = YES_ERROR;
				CLANG_WARN_DOCUMENTATION_COMMENTS = YES;
				CLANG_WARN_EMPTY_BODY = YES;
				CLANG_WARN_ENUM_CONVERSION = YES;
				CLANG_WARN_INFINITE_RECURSION = YES;
				CLANG_WARN_INT_CONVERSION = YES;
				CLANG_WARN_NON_LITERAL_NULL_CONVERSION = YES;
				CLANG_WARN_OBJC_IMPLICIT_RETAIN_SELF = YES;
				CLANG_WARN_OBJC_LITERAL_CONVERSION = YES;
				CLANG_WARN_OBJC_ROOT_CLASS = YES_ERROR;
				CLANG_WARN_QUOTED_INCLUDE_IN_FRAMEWORK_HEADER = YES;
				CLANG_WARN_RANGE_LOOP_ANALYSIS = YES;
				CLANG_WARN_STRICT_PROTOTYPES = YES;
				CLANG_WARN_SUSPICIOUS_MOVE = YES;
				CLANG_WARN_UNGUARDED_AVAILABILITY = YES_AGGRESSIVE;
				CLANG_WARN_UNREACHABLE_CODE = YES;
				CLANG_WARN__DUPLICATE_METHOD_MATCH = YES;
				COPY_PHASE_STRIP = NO;
				DEBUG_INFORMATION_FORMAT = dwarf;
				ENABLE_STRICT_OBJC_MSGSEND = YES;
				ENABLE_TESTABILITY = YES;
				GCC_C_LANGUAGE_STANDARD = gnu11;
				GCC_DYNAMIC_NO_PIC = NO;
				GCC_NO_COMMON_BLOCKS = YES;
				GCC_OPTIMIZATION_LEVEL = 0;
				GCC_PREPROCESSOR_DEFINITIONS = (
					"DEBUG=1",
					"$(inherited)",
				);
				GCC_WARN_64_TO_32_BIT_CONVERSION = YES;
				GCC_WARN_ABOUT_RETURN_TYPE = YES_ERROR;
				GCC_WARN_UNDECLARED_SELECTOR = YES;
				GCC_WARN_UNINITIALIZED_AUTOS = YES_AGGRESSIVE;
				GCC_WARN_UNUSED_FUNCTION = YES;
				GCC_WARN_UNUSED_VARIABLE = YES;
				MTL_ENABLE_DEBUG_INFO = INCLUDE_SOURCE;
				MTL_FAST_MATH = YES;
				ONLY_ACTIVE_ARCH = YES;
				SWIFT_ACTIVE_COMPILATION_CONDITIONS = DEBUG;
				SWIFT_OPTIMIZATION_LEVEL = "-Onone";
			};
			name = Debug;
		};
		F1F850732A4920AD0093EE01 /* Release */ = {
			isa = XCBuildConfiguration;
			buildSettings = {
				ALWAYS_SEARCH_USER_PATHS = NO;
				CLANG_ANALYZER_NONNULL = YES;
				CLANG_ANALYZER_NUMBER_OBJECT_CONVERSION = YES_AGGRESSIVE;
				CLANG_CXX_LANGUAGE_STANDARD = "gnu++20";
				CLANG_ENABLE_MODULES = YES;
				CLANG_ENABLE_OBJC_ARC = YES;
				CLANG_ENABLE_OBJC_WEAK = YES;
				CLANG_WARN_BLOCK_CAPTURE_AUTORELEASING = YES;
				CLANG_WARN_BOOL_CONVERSION = YES;
				CLANG_WARN_COMMA = YES;
				CLANG_WARN_CONSTANT_CONVERSION = YES;
				CLANG_WARN_DEPRECATED_OBJC_IMPLEMENTATIONS = YES;
				CLANG_WARN_DIRECT_OBJC_ISA_USAGE = YES_ERROR;
				CLANG_WARN_DOCUMENTATION_COMMENTS = YES;
				CLANG_WARN_EMPTY_BODY = YES;
				CLANG_WARN_ENUM_CONVERSION = YES;
				CLANG_WARN_INFINITE_RECURSION = YES;
				CLANG_WARN_INT_CONVERSION = YES;
				CLANG_WARN_NON_LITERAL_NULL_CONVERSION = YES;
				CLANG_WARN_OBJC_IMPLICIT_RETAIN_SELF = YES;
				CLANG_WARN_OBJC_LITERAL_CONVERSION = YES;
				CLANG_WARN_OBJC_ROOT_CLASS = YES_ERROR;
				CLANG_WARN_QUOTED_INCLUDE_IN_FRAMEWORK_HEADER = YES;
				CLANG_WARN_RANGE_LOOP_ANALYSIS = YES;
				CLANG_WARN_STRICT_PROTOTYPES = YES;
				CLANG_WARN_SUSPICIOUS_MOVE = YES;
				CLANG_WARN_UNGUARDED_AVAILABILITY = YES_AGGRESSIVE;
				CLANG_WARN_UNREACHABLE_CODE = YES;
				CLANG_WARN__DUPLICATE_METHOD_MATCH = YES;
				COPY_PHASE_STRIP = NO;
				DEBUG_INFORMATION_FORMAT = "dwarf-with-dsym";
				ENABLE_NS_ASSERTIONS = NO;
				ENABLE_STRICT_OBJC_MSGSEND = YES;
				GCC_C_LANGUAGE_STANDARD = gnu11;
				GCC_NO_COMMON_BLOCKS = YES;
				GCC_WARN_64_TO_32_BIT_CONVERSION = YES;
				GCC_WARN_ABOUT_RETURN_TYPE = YES_ERROR;
				GCC_WARN_UNDECLARED_SELECTOR = YES;
				GCC_WARN_UNINITIALIZED_AUTOS = YES_AGGRESSIVE;
				GCC_WARN_UNUSED_FUNCTION = YES;
				GCC_WARN_UNUSED_VARIABLE = YES;
				MTL_ENABLE_DEBUG_INFO = NO;
				MTL_FAST_MATH = YES;
				SWIFT_COMPILATION_MODE = wholemodule;
				SWIFT_OPTIMIZATION_LEVEL = "-O";
			};
			name = Release;
		};
		F1F850752A4920AD0093EE01 /* Debug */ = {
			isa = XCBuildConfiguration;
			buildSettings = {
				ASSETCATALOG_COMPILER_APPICON_NAME = AppIcon;
				ASSETCATALOG_COMPILER_GLOBAL_ACCENT_COLOR_NAME = AccentColor;
				CODE_SIGN_ENTITLEMENTS = Forge/Forge.entitlements;
				CODE_SIGN_STYLE = Automatic;
				CURRENT_PROJECT_VERSION = 1;
				DEVELOPMENT_ASSET_PATHS = "\"Forge/Preview Content\"";
				DEVELOPMENT_TEAM = 8CFYV5CWDL;
				ENABLE_HARDENED_RUNTIME = YES;
				ENABLE_PREVIEWS = YES;
				GENERATE_INFOPLIST_FILE = YES;
				INFOPLIST_KEY_CFBundleDisplayName = Forge;
				INFOPLIST_KEY_LSApplicationCategoryType = "public.app-category.healthcare-fitness";
				"INFOPLIST_KEY_UIApplicationSceneManifest_Generation[sdk=iphoneos*]" = YES;
				"INFOPLIST_KEY_UIApplicationSceneManifest_Generation[sdk=iphonesimulator*]" = YES;
				"INFOPLIST_KEY_UIApplicationSupportsIndirectInputEvents[sdk=iphoneos*]" = YES;
				"INFOPLIST_KEY_UIApplicationSupportsIndirectInputEvents[sdk=iphonesimulator*]" = YES;
				"INFOPLIST_KEY_UILaunchScreen_Generation[sdk=iphoneos*]" = YES;
				"INFOPLIST_KEY_UILaunchScreen_Generation[sdk=iphonesimulator*]" = YES;
				INFOPLIST_KEY_UILaunchStoryboardName = "Launch Screen.storyboard";
				"INFOPLIST_KEY_UIStatusBarStyle[sdk=iphoneos*]" = UIStatusBarStyleDefault;
				"INFOPLIST_KEY_UIStatusBarStyle[sdk=iphonesimulator*]" = UIStatusBarStyleDefault;
				INFOPLIST_KEY_UISupportedInterfaceOrientations_iPad = "UIInterfaceOrientationPortrait UIInterfaceOrientationPortraitUpsideDown UIInterfaceOrientationLandscapeLeft UIInterfaceOrientationLandscapeRight";
				INFOPLIST_KEY_UISupportedInterfaceOrientations_iPhone = "UIInterfaceOrientationPortrait UIInterfaceOrientationLandscapeLeft UIInterfaceOrientationLandscapeRight";
				IPHONEOS_DEPLOYMENT_TARGET = 16.4;
				LD_RUNPATH_SEARCH_PATHS = "@executable_path/Frameworks";
				"LD_RUNPATH_SEARCH_PATHS[sdk=macosx*]" = "@executable_path/../Frameworks";
				MACOSX_DEPLOYMENT_TARGET = 13.3;
				MARKETING_VERSION = 1.0;
				PRODUCT_BUNDLE_IDENTIFIER = "Ryan-Div.Forge";
				PRODUCT_NAME = "$(TARGET_NAME)";
				SDKROOT = auto;
				SUPPORTED_PLATFORMS = "iphoneos iphonesimulator";
				SUPPORTS_MACCATALYST = NO;
				SUPPORTS_MAC_DESIGNED_FOR_IPHONE_IPAD = NO;
				SWIFT_EMIT_LOC_STRINGS = YES;
				SWIFT_VERSION = 5.0;
				TARGETED_DEVICE_FAMILY = "1,2";
			};
			name = Debug;
		};
		F1F850762A4920AD0093EE01 /* Release */ = {
			isa = XCBuildConfiguration;
			buildSettings = {
				ASSETCATALOG_COMPILER_APPICON_NAME = AppIcon;
				ASSETCATALOG_COMPILER_GLOBAL_ACCENT_COLOR_NAME = AccentColor;
				CODE_SIGN_ENTITLEMENTS = Forge/Forge.entitlements;
				CODE_SIGN_STYLE = Automatic;
				CURRENT_PROJECT_VERSION = 1;
				DEVELOPMENT_ASSET_PATHS = "\"Forge/Preview Content\"";
				DEVELOPMENT_TEAM = 8CFYV5CWDL;
				ENABLE_HARDENED_RUNTIME = YES;
				ENABLE_PREVIEWS = YES;
				GENERATE_INFOPLIST_FILE = YES;
				INFOPLIST_KEY_CFBundleDisplayName = Forge;
				INFOPLIST_KEY_LSApplicationCategoryType = "public.app-category.healthcare-fitness";
				"INFOPLIST_KEY_UIApplicationSceneManifest_Generation[sdk=iphoneos*]" = YES;
				"INFOPLIST_KEY_UIApplicationSceneManifest_Generation[sdk=iphonesimulator*]" = YES;
				"INFOPLIST_KEY_UIApplicationSupportsIndirectInputEvents[sdk=iphoneos*]" = YES;
				"INFOPLIST_KEY_UIApplicationSupportsIndirectInputEvents[sdk=iphonesimulator*]" = YES;
				"INFOPLIST_KEY_UILaunchScreen_Generation[sdk=iphoneos*]" = YES;
				"INFOPLIST_KEY_UILaunchScreen_Generation[sdk=iphonesimulator*]" = YES;
				INFOPLIST_KEY_UILaunchStoryboardName = "Launch Screen.storyboard";
				"INFOPLIST_KEY_UIStatusBarStyle[sdk=iphoneos*]" = UIStatusBarStyleDefault;
				"INFOPLIST_KEY_UIStatusBarStyle[sdk=iphonesimulator*]" = UIStatusBarStyleDefault;
				INFOPLIST_KEY_UISupportedInterfaceOrientations_iPad = "UIInterfaceOrientationPortrait UIInterfaceOrientationPortraitUpsideDown UIInterfaceOrientationLandscapeLeft UIInterfaceOrientationLandscapeRight";
				INFOPLIST_KEY_UISupportedInterfaceOrientations_iPhone = "UIInterfaceOrientationPortrait UIInterfaceOrientationLandscapeLeft UIInterfaceOrientationLandscapeRight";
				IPHONEOS_DEPLOYMENT_TARGET = 16.4;
				LD_RUNPATH_SEARCH_PATHS = "@executable_path/Frameworks";
				"LD_RUNPATH_SEARCH_PATHS[sdk=macosx*]" = "@executable_path/../Frameworks";
				MACOSX_DEPLOYMENT_TARGET = 13.3;
				MARKETING_VERSION = 1.0;
				PRODUCT_BUNDLE_IDENTIFIER = "Ryan-Div.Forge";
				PRODUCT_NAME = "$(TARGET_NAME)";
				SDKROOT = auto;
				SUPPORTED_PLATFORMS = "iphoneos iphonesimulator";
				SUPPORTS_MACCATALYST = NO;
				SUPPORTS_MAC_DESIGNED_FOR_IPHONE_IPAD = NO;
				SWIFT_EMIT_LOC_STRINGS = YES;
				SWIFT_VERSION = 5.0;
				TARGETED_DEVICE_FAMILY = "1,2";
			};
			name = Release;
		};
/* End XCBuildConfiguration section */

/* Begin XCConfigurationList section */
		F1F850602A4920AB0093EE01 /* Build configuration list for PBXProject "Forge" */ = {
			isa = XCConfigurationList;
			buildConfigurations = (
				F1F850722A4920AD0093EE01 /* Debug */,
				F1F850732A4920AD0093EE01 /* Release */,
			);
			defaultConfigurationIsVisible = 0;
			defaultConfigurationName = Release;
		};
		F1F850742A4920AD0093EE01 /* Build configuration list for PBXNativeTarget "Forge" */ = {
			isa = XCConfigurationList;
			buildConfigurations = (
				F1F850752A4920AD0093EE01 /* Debug */,
				F1F850762A4920AD0093EE01 /* Release */,
			);
			defaultConfigurationIsVisible = 0;
			defaultConfigurationName = Release;
		};
/* End XCConfigurationList section */
	};
	rootObject = F1F8505D2A4920AB0093EE01 /* Project object */;
}
